// !$*UTF8*$!
{
	archiveVersion = 1;
	classes = {
	};
	objectVersion = 42;
	objects = {

/* Begin PBXBuildFile section */
		09cf9fc82ec16fda03f3dea62c94eced /* Browser.cpp in Sources */ = {isa = PBXBuildFile; fileRef = 5a61a00c62697871b1bdc88aee477a31 /* Browser.cpp */; };
		19fb0d99b62a43bf611244550f5c0f51 /* DNSSDBrowser.cpp in Sources */ = {isa = PBXBuildFile; fileRef = 17e477e1078316a7dcb9038126fc4f20 /* DNSSDBrowser.cpp */; };
		2b57ef7e92fc648e6978c4120120aca1 /* DNSSDEventHandler.cpp in Sources */ = {isa = PBXBuildFile; fileRef = 6d6f817b9b9d9aeb9d15628ecdefb546 /* DNSSDEventHandler.cpp */; };
		36268367458abb12b68679a9b392a497 /* Record.cpp in Sources */ = {isa = PBXBuildFile; fileRef = d9e874b264f7d8fe47198d75208178f4 /* Record.cpp */; };
		5eb6338239e521b46309bdce3f5c4ca0 /* Client.cpp in Sources */ = {isa = PBXBuildFile; fileRef = 48378d017f3dd04c3b199becd83cf570 /* Client.cpp */; };
		789ad99f11771b23016c070e6f29b469 /* AvahiEventHandler.cpp in Sources */ = {isa = PBXBuildFile; fileRef = 9f3a924272952acc07435beeb83e7023 /* AvahiEventHandler.cpp */; };
		7ab3fd41a4e3523e79c39cc8f29bbc6a /* Service.cpp in Sources */ = {isa = PBXBuildFile; fileRef = e44c6e9634b0df2211d8544630fcbaf5 /* Service.cpp */; };
		7ced9fcc5bf62c4915c8d09f62ad86a7 /* json_reader.cpp in Sources */ = {isa = PBXBuildFile; fileRef = 554e82f6bf0f134ec9bf40aa12f238c7 /* json_reader.cpp */; };
		92aa42c8b8c4acaf67c676fb5aadf55d /* KibioConnectApp.cpp in Sources */ = {isa = PBXBuildFile; fileRef = 6b4731f132fe1555526d5ef7fa14dd22 /* KibioConnectApp.cpp */; };
		9b06c5cae570b630a97e51c38887e84b /* json_writer.cpp in Sources */ = {isa = PBXBuildFile; fileRef = 58f8cbf3c566f6908846e5fbf7d0de36 /* json_writer.cpp */; };
		BBAB23CB13894F3D00AA2426 /* GLUT.framework in CopyFiles */ = {isa = PBXBuildFile; fileRef = BBAB23BE13894E4700AA2426 /* GLUT.framework */; };
		E4328149138ABC9F0047C5CB /* openFrameworksDebug.a in Frameworks */ = {isa = PBXBuildFile; fileRef = E4328148138ABC890047C5CB /* openFrameworksDebug.a */; };
		E45BE97B0E8CC7DD009D7055 /* AGL.framework in Frameworks */ = {isa = PBXBuildFile; fileRef = E45BE9710E8CC7DD009D7055 /* AGL.framework */; };
		E45BE97C0E8CC7DD009D7055 /* ApplicationServices.framework in Frameworks */ = {isa = PBXBuildFile; fileRef = E45BE9720E8CC7DD009D7055 /* ApplicationServices.framework */; };
		E45BE97D0E8CC7DD009D7055 /* AudioToolbox.framework in Frameworks */ = {isa = PBXBuildFile; fileRef = E45BE9730E8CC7DD009D7055 /* AudioToolbox.framework */; };
		E45BE97E0E8CC7DD009D7055 /* Carbon.framework in Frameworks */ = {isa = PBXBuildFile; fileRef = E45BE9740E8CC7DD009D7055 /* Carbon.framework */; };
		E45BE97F0E8CC7DD009D7055 /* CoreAudio.framework in Frameworks */ = {isa = PBXBuildFile; fileRef = E45BE9750E8CC7DD009D7055 /* CoreAudio.framework */; };
		E45BE9800E8CC7DD009D7055 /* CoreFoundation.framework in Frameworks */ = {isa = PBXBuildFile; fileRef = E45BE9760E8CC7DD009D7055 /* CoreFoundation.framework */; };
		E45BE9810E8CC7DD009D7055 /* CoreServices.framework in Frameworks */ = {isa = PBXBuildFile; fileRef = E45BE9770E8CC7DD009D7055 /* CoreServices.framework */; };
		E45BE9830E8CC7DD009D7055 /* OpenGL.framework in Frameworks */ = {isa = PBXBuildFile; fileRef = E45BE9790E8CC7DD009D7055 /* OpenGL.framework */; };
		E45BE9840E8CC7DD009D7055 /* QuickTime.framework in Frameworks */ = {isa = PBXBuildFile; fileRef = E45BE97A0E8CC7DD009D7055 /* QuickTime.framework */; };
		E4B69E200A3A1BDC003C02F2 /* main.cpp in Sources */ = {isa = PBXBuildFile; fileRef = E4B69E1D0A3A1BDC003C02F2 /* main.cpp */; };
		E4C2424710CC5A17004149E2 /* AppKit.framework in Frameworks */ = {isa = PBXBuildFile; fileRef = E4C2424410CC5A17004149E2 /* AppKit.framework */; };
		E4C2424810CC5A17004149E2 /* Cocoa.framework in Frameworks */ = {isa = PBXBuildFile; fileRef = E4C2424510CC5A17004149E2 /* Cocoa.framework */; };
		E4C2424910CC5A17004149E2 /* IOKit.framework in Frameworks */ = {isa = PBXBuildFile; fileRef = E4C2424610CC5A17004149E2 /* IOKit.framework */; };
		E4EB6799138ADC1D00A09F29 /* GLUT.framework in Frameworks */ = {isa = PBXBuildFile; fileRef = BBAB23BE13894E4700AA2426 /* GLUT.framework */; };
		E7E077E515D3B63C0020DFD4 /* CoreVideo.framework in Frameworks */ = {isa = PBXBuildFile; fileRef = E7E077E415D3B63C0020DFD4 /* CoreVideo.framework */; };
		E7E077E815D3B6510020DFD4 /* QTKit.framework in Frameworks */ = {isa = PBXBuildFile; fileRef = E7E077E715D3B6510020DFD4 /* QTKit.framework */; };
		E7F985F815E0DEA3003869B5 /* Accelerate.framework in Frameworks */ = {isa = PBXBuildFile; fileRef = E7F985F515E0DE99003869B5 /* Accelerate.framework */; };
		FD5B8BFD1743E80300B21EB8 /* MediaTypeMap.cpp in Sources */ = {isa = PBXBuildFile; fileRef = FD5B8BFB1743E80300B21EB8 /* MediaTypeMap.cpp */; };
		FDEAACF317B12B85003CD3E1 /* AuthScope.cpp in Sources */ = {isa = PBXBuildFile; fileRef = FDEAAC9B17B12B85003CD3E1 /* AuthScope.cpp */; };
		FDEAACF417B12B85003CD3E1 /* Credentials.cpp in Sources */ = {isa = PBXBuildFile; fileRef = FDEAAC9D17B12B85003CD3E1 /* Credentials.cpp */; };
		FDEAACF517B12B85003CD3E1 /* CredentialStore.cpp in Sources */ = {isa = PBXBuildFile; fileRef = FDEAAC9F17B12B85003CD3E1 /* CredentialStore.cpp */; };
		FDEAACF617B12B85003CD3E1 /* Client.cpp in Sources */ = {isa = PBXBuildFile; fileRef = FDEAACA317B12B85003CD3E1 /* Client.cpp */; };
		FDEAACF717B12B85003CD3E1 /* ClientContext.cpp in Sources */ = {isa = PBXBuildFile; fileRef = FDEAACA517B12B85003CD3E1 /* ClientContext.cpp */; };
		FDEAACF817B12B85003CD3E1 /* Cookie.cpp in Sources */ = {isa = PBXBuildFile; fileRef = FDEAACA817B12B85003CD3E1 /* Cookie.cpp */; };
		FDEAACF917B12B85003CD3E1 /* CookieStore.cpp in Sources */ = {isa = PBXBuildFile; fileRef = FDEAACAA17B12B85003CD3E1 /* CookieStore.cpp */; };
		FDEAACFA17B12B85003CD3E1 /* ofxHTTPRequestExecutor.cpp in Sources */ = {isa = PBXBuildFile; fileRef = FDEAACAC17B12B85003CD3E1 /* ofxHTTPRequestExecutor.cpp */; };
		FDEAACFB17B12B85003CD3E1 /* ProxySettings.cpp in Sources */ = {isa = PBXBuildFile; fileRef = FDEAACB117B12B85003CD3E1 /* ProxySettings.cpp */; };
		FDEAACFC17B12B85003CD3E1 /* BaseRequest.cpp in Sources */ = {isa = PBXBuildFile; fileRef = FDEAACB417B12B85003CD3E1 /* BaseRequest.cpp */; };
		FDEAACFD17B12B85003CD3E1 /* Get.cpp in Sources */ = {isa = PBXBuildFile; fileRef = FDEAACB617B12B85003CD3E1 /* Get.cpp */; };
		FDEAACFE17B12B85003CD3E1 /* Post.cpp in Sources */ = {isa = PBXBuildFile; fileRef = FDEAACB817B12B85003CD3E1 /* Post.cpp */; };
		FDEAACFF17B12B85003CD3E1 /* Put.cpp in Sources */ = {isa = PBXBuildFile; fileRef = FDEAACBA17B12B85003CD3E1 /* Put.cpp */; };
		FDEAAD0017B12B85003CD3E1 /* BaseRouteSettings.cpp in Sources */ = {isa = PBXBuildFile; fileRef = FDEAACBD17B12B85003CD3E1 /* BaseRouteSettings.cpp */; };
		FDEAAD0117B12B85003CD3E1 /* BaseServerBasicAuthenticationManager.cpp in Sources */ = {isa = PBXBuildFile; fileRef = FDEAACBF17B12B85003CD3E1 /* BaseServerBasicAuthenticationManager.cpp */; };
		FDEAAD0217B12B85003CD3E1 /* BaseServerRoute.cpp in Sources */ = {isa = PBXBuildFile; fileRef = FDEAACC117B12B85003CD3E1 /* BaseServerRoute.cpp */; };
		FDEAAD0317B12B85003CD3E1 /* BaseServerRouteHandler.cpp in Sources */ = {isa = PBXBuildFile; fileRef = FDEAACC317B12B85003CD3E1 /* BaseServerRouteHandler.cpp */; };
		FDEAAD0417B12B85003CD3E1 /* BaseServerRouteSettings.cpp in Sources */ = {isa = PBXBuildFile; fileRef = FDEAACC517B12B85003CD3E1 /* BaseServerRouteSettings.cpp */; };
		FDEAAD0517B12B85003CD3E1 /* BasicServer.cpp in Sources */ = {isa = PBXBuildFile; fileRef = FDEAACC717B12B85003CD3E1 /* BasicServer.cpp */; };
		FDEAAD0617B12B85003CD3E1 /* Server.cpp in Sources */ = {isa = PBXBuildFile; fileRef = FDEAACCA17B12B85003CD3E1 /* Server.cpp */; };
		FDEAAD0717B12B85003CD3E1 /* ServerRouteHandler.cpp in Sources */ = {isa = PBXBuildFile; fileRef = FDEAACCE17B12B85003CD3E1 /* ServerRouteHandler.cpp */; };
		FDEAAD0817B12B85003CD3E1 /* ServerRouteManager.cpp in Sources */ = {isa = PBXBuildFile; fileRef = FDEAACD017B12B85003CD3E1 /* ServerRouteManager.cpp */; };
		FDEAAD0917B12B85003CD3E1 /* ServerUploadRoute.cpp in Sources */ = {isa = PBXBuildFile; fileRef = FDEAACD217B12B85003CD3E1 /* ServerUploadRoute.cpp */; };
		FDEAAD0A17B12B85003CD3E1 /* ServerUploadRouteHandler.cpp in Sources */ = {isa = PBXBuildFile; fileRef = FDEAACD417B12B85003CD3E1 /* ServerUploadRouteHandler.cpp */; };
		FDEAAD0B17B12B85003CD3E1 /* SessionSettings.cpp in Sources */ = {isa = PBXBuildFile; fileRef = FDEAACD617B12B85003CD3E1 /* SessionSettings.cpp */; };
		FDEAAD0C17B12B85003CD3E1 /* UploadRouteSettings.cpp in Sources */ = {isa = PBXBuildFile; fileRef = FDEAACD817B12B85003CD3E1 /* UploadRouteSettings.cpp */; };
		FDEAAD0D17B12B85003CD3E1 /* ProgressMonitor.cpp in Sources */ = {isa = PBXBuildFile; fileRef = FDEAACDC17B12B85003CD3E1 /* ProgressMonitor.cpp */; };
		FDEAAD0E17B12B85003CD3E1 /* ResponseStream.cpp in Sources */ = {isa = PBXBuildFile; fileRef = FDEAACDE17B12B85003CD3E1 /* ResponseStream.cpp */; };
		FDEAAD0F17B12B85003CD3E1 /* Compression.cpp in Sources */ = {isa = PBXBuildFile; fileRef = FDEAACE117B12B85003CD3E1 /* Compression.cpp */; };
		FDEAAD1017B12B85003CD3E1 /* StreamUtils.cpp in Sources */ = {isa = PBXBuildFile; fileRef = FDEAACE317B12B85003CD3E1 /* StreamUtils.cpp */; };
		FDEAAD1117B12B85003CD3E1 /* Utils.cpp in Sources */ = {isa = PBXBuildFile; fileRef = FDEAACE517B12B85003CD3E1 /* Utils.cpp */; };
		FDEAAD1217B12B85003CD3E1 /* BaseWebSocketSessionManager.cpp in Sources */ = {isa = PBXBuildFile; fileRef = FDEAACE917B12B85003CD3E1 /* BaseWebSocketSessionManager.cpp */; };
		FDEAAD1317B12B85003CD3E1 /* WebSocketFrame.cpp in Sources */ = {isa = PBXBuildFile; fileRef = FDEAACED17B12B85003CD3E1 /* WebSocketFrame.cpp */; };
		FDEAAD1417B12B85003CD3E1 /* WebSocketRoute.cpp in Sources */ = {isa = PBXBuildFile; fileRef = FDEAACEF17B12B85003CD3E1 /* WebSocketRoute.cpp */; };
		FDEAAD1517B12B85003CD3E1 /* WebSocketRouteHandler.cpp in Sources */ = {isa = PBXBuildFile; fileRef = FDEAACF117B12B85003CD3E1 /* WebSocketRouteHandler.cpp */; };
		FDEAAD1817B12BBA003CD3E1 /* ZeroconfManager.cpp in Sources */ = {isa = PBXBuildFile; fileRef = FDEAAD1617B12BBA003CD3E1 /* ZeroconfManager.cpp */; };
		a7ebf57756f62c20c72a9713924e778e /* AvahiClient.cpp in Sources */ = {isa = PBXBuildFile; fileRef = e6d94f86e5ef56213fecef4428bf90c2 /* AvahiClient.cpp */; };
		ae32f1807796b1050e082651a5fbf40d /* json_value.cpp in Sources */ = {isa = PBXBuildFile; fileRef = 0f867b04bf36a560c2493c097d84756e /* json_value.cpp */; };
		ba1a497e1b5dd2f630fdf23f2781b0f3 /* AvahiBrowser.cpp in Sources */ = {isa = PBXBuildFile; fileRef = c5ea4b5dceff5e698f8354d85827cc9c /* AvahiBrowser.cpp */; };
		bedfee7400c58ea4e412b757bd605a7b /* ofxJSONElement.cpp in Sources */ = {isa = PBXBuildFile; fileRef = f2b099e6bd1199664c48b177eb0b19be /* ofxJSONElement.cpp */; };
		c1c01234d7766174072e19a734f06b63 /* Domain.cpp in Sources */ = {isa = PBXBuildFile; fileRef = 187b376d8f7102648785d76af4965259 /* Domain.cpp */; };
		e19f2f06278f9b5a97212a632c8aa7ae /* Utils.cpp in Sources */ = {isa = PBXBuildFile; fileRef = 29df2d8376d6a0bc193845d22649f8da /* Utils.cpp */; };
		ebac85ba5c7a25d824b33c0461183060 /* EventHandler.cpp in Sources */ = {isa = PBXBuildFile; fileRef = 5a11ae1bc10a08c2aff5e982011ee5c0 /* EventHandler.cpp */; };
		ec739b141e2b09ea1a9a1cae8e3b9b45 /* Error.cpp in Sources */ = {isa = PBXBuildFile; fileRef = c56bb922cb7105cc34851336bbdde610 /* Error.cpp */; };
		f9147aff5de022ee3a6aa74d9fceb2dc /* DNSSDClient.cpp in Sources */ = {isa = PBXBuildFile; fileRef = bc836d0128a247034496ccf49acbaf69 /* DNSSDClient.cpp */; };
/* End PBXBuildFile section */

/* Begin PBXContainerItemProxy section */
		E4328147138ABC890047C5CB /* PBXContainerItemProxy */ = {
			isa = PBXContainerItemProxy;
			containerPortal = E4328143138ABC890047C5CB /* openFrameworksLib.xcodeproj */;
			proxyType = 2;
			remoteGlobalIDString = E4B27C1510CBEB8E00536013;
			remoteInfo = openFrameworks;
		};
		E4EEB9AB138B136A00A80321 /* PBXContainerItemProxy */ = {
			isa = PBXContainerItemProxy;
			containerPortal = E4328143138ABC890047C5CB /* openFrameworksLib.xcodeproj */;
			proxyType = 1;
			remoteGlobalIDString = E4B27C1410CBEB8E00536013;
			remoteInfo = openFrameworks;
		};
/* End PBXContainerItemProxy section */

/* Begin PBXCopyFilesBuildPhase section */
		E4C2427710CC5ABF004149E2 /* CopyFiles */ = {
			isa = PBXCopyFilesBuildPhase;
			buildActionMask = 2147483647;
			dstPath = "";
			dstSubfolderSpec = 10;
			files = (
				BBAB23CB13894F3D00AA2426 /* GLUT.framework in CopyFiles */,
			);
			runOnlyForDeploymentPostprocessing = 0;
		};
/* End PBXCopyFilesBuildPhase section */

/* Begin PBXFileReference section */
		0cd3145a0f2a0e5266668b1b553e348e /* value.h */ = {isa = PBXFileReference; explicitFileType = sourcecode.c.h; fileEncoding = 30; name = value.h; path = ../../../addons/ofxJSON/libs/jsoncpp/include/json/value.h; sourceTree = SOURCE_ROOT; };
		0f867b04bf36a560c2493c097d84756e /* json_value.cpp */ = {isa = PBXFileReference; explicitFileType = sourcecode.cpp.cpp; fileEncoding = 30; name = json_value.cpp; path = ../../../addons/ofxJSON/libs/jsoncpp/src/json_value.cpp; sourceTree = SOURCE_ROOT; };
		17e477e1078316a7dcb9038126fc4f20 /* DNSSDBrowser.cpp */ = {isa = PBXFileReference; explicitFileType = sourcecode.cpp.cpp; fileEncoding = 30; name = DNSSDBrowser.cpp; path = ../../../addons/ofxZeroconf/libs/Zeroconf/src/DNSSD/DNSSDBrowser.cpp; sourceTree = SOURCE_ROOT; };
		187b376d8f7102648785d76af4965259 /* Domain.cpp */ = {isa = PBXFileReference; explicitFileType = sourcecode.cpp.cpp; fileEncoding = 30; name = Domain.cpp; path = ../../../addons/ofxZeroconf/libs/Zeroconf/src/Domain.cpp; sourceTree = SOURCE_ROOT; };
		222d59ec86959092d6c6aad5078d488d /* Zeroconf.h */ = {isa = PBXFileReference; explicitFileType = sourcecode.c.h; fileEncoding = 30; name = Zeroconf.h; path = ../../../addons/ofxZeroconf/libs/Zeroconf/include/Zeroconf/Zeroconf.h; sourceTree = SOURCE_ROOT; };
		23c0c48e889ea5976735a1b26b04152a /* DNSSDError.h */ = {isa = PBXFileReference; explicitFileType = sourcecode.c.h; fileEncoding = 30; name = DNSSDError.h; path = ../../../addons/ofxZeroconf/libs/Zeroconf/include/Zeroconf/DNSSD/DNSSDError.h; sourceTree = SOURCE_ROOT; };
		26a541233bc6f736e758f718c07ea8ec /* ofxJSONElement.h */ = {isa = PBXFileReference; explicitFileType = sourcecode.c.h; fileEncoding = 30; name = ofxJSONElement.h; path = ../../../addons/ofxJSON/src/ofxJSONElement.h; sourceTree = SOURCE_ROOT; };
		26f758a66534742380802d6d215aa2c3 /* Error.h */ = {isa = PBXFileReference; explicitFileType = sourcecode.c.h; fileEncoding = 30; name = Error.h; path = ../../../addons/ofxZeroconf/libs/Zeroconf/include/Zeroconf/Error.h; sourceTree = SOURCE_ROOT; };
		29df2d8376d6a0bc193845d22649f8da /* Utils.cpp */ = {isa = PBXFileReference; explicitFileType = sourcecode.cpp.cpp; fileEncoding = 30; name = Utils.cpp; path = ../../../addons/ofxZeroconf/libs/Zeroconf/src/Utils.cpp; sourceTree = SOURCE_ROOT; };
		2c7cf000b7b4f782c187c353cb6fc597 /* json.h */ = {isa = PBXFileReference; explicitFileType = sourcecode.c.h; fileEncoding = 30; name = json.h; path = ../../../addons/ofxJSON/libs/jsoncpp/include/json/json.h; sourceTree = SOURCE_ROOT; };
		3b869edfc4ea2316217496212b5ae53c /* json_batchallocator.h */ = {isa = PBXFileReference; explicitFileType = sourcecode.c.h; fileEncoding = 30; name = json_batchallocator.h; path = ../../../addons/ofxJSON/libs/jsoncpp/src/json_batchallocator.h; sourceTree = SOURCE_ROOT; };
		3ff4b228b33db00131db956e5d17f8e6 /* AvahiClient.h */ = {isa = PBXFileReference; explicitFileType = sourcecode.c.h; fileEncoding = 30; name = AvahiClient.h; path = ../../../addons/ofxZeroconf/libs/Zeroconf/include/Zeroconf/Avahi/AvahiClient.h; sourceTree = SOURCE_ROOT; };
		48378d017f3dd04c3b199becd83cf570 /* Client.cpp */ = {isa = PBXFileReference; explicitFileType = sourcecode.cpp.cpp; fileEncoding = 30; name = Client.cpp; path = ../../../addons/ofxZeroconf/libs/Zeroconf/src/Client.cpp; sourceTree = SOURCE_ROOT; };
		4b0588cf6a4d642f88d087bd2033b1c6 /* KibioConnectApp.h */ = {isa = PBXFileReference; explicitFileType = sourcecode.c.h; fileEncoding = 30; name = KibioConnectApp.h; path = src/KibioConnectApp.h; sourceTree = SOURCE_ROOT; };
		4da036701420fd3459f05dde659e3446 /* BaseBrowser.h */ = {isa = PBXFileReference; explicitFileType = sourcecode.c.h; fileEncoding = 30; name = BaseBrowser.h; path = ../../../addons/ofxZeroconf/libs/Zeroconf/include/Zeroconf/BaseBrowser.h; sourceTree = SOURCE_ROOT; };
		519a8f4f2543e6b9a3742d193e57ddfb /* DNSSDEventHandler.h */ = {isa = PBXFileReference; explicitFileType = sourcecode.c.h; fileEncoding = 30; name = DNSSDEventHandler.h; path = ../../../addons/ofxZeroconf/libs/Zeroconf/include/Zeroconf/DNSSD/DNSSDEventHandler.h; sourceTree = SOURCE_ROOT; };
		528f5e4e022b8ef7656d8ece835d0fff /* BrowseEvents.h */ = {isa = PBXFileReference; explicitFileType = sourcecode.c.h; fileEncoding = 30; name = BrowseEvents.h; path = ../../../addons/ofxZeroconf/libs/Zeroconf/include/Zeroconf/BrowseEvents.h; sourceTree = SOURCE_ROOT; };
		554e82f6bf0f134ec9bf40aa12f238c7 /* json_reader.cpp */ = {isa = PBXFileReference; explicitFileType = sourcecode.cpp.cpp; fileEncoding = 30; name = json_reader.cpp; path = ../../../addons/ofxJSON/libs/jsoncpp/src/json_reader.cpp; sourceTree = SOURCE_ROOT; };
		58f8cbf3c566f6908846e5fbf7d0de36 /* json_writer.cpp */ = {isa = PBXFileReference; explicitFileType = sourcecode.cpp.cpp; fileEncoding = 30; name = json_writer.cpp; path = ../../../addons/ofxJSON/libs/jsoncpp/src/json_writer.cpp; sourceTree = SOURCE_ROOT; };
		5a11ae1bc10a08c2aff5e982011ee5c0 /* EventHandler.cpp */ = {isa = PBXFileReference; explicitFileType = sourcecode.cpp.cpp; fileEncoding = 30; name = EventHandler.cpp; path = ../../../addons/ofxZeroconf/libs/Zeroconf/src/EventHandler.cpp; sourceTree = SOURCE_ROOT; };
		5a61a00c62697871b1bdc88aee477a31 /* Browser.cpp */ = {isa = PBXFileReference; explicitFileType = sourcecode.cpp.cpp; fileEncoding = 30; name = Browser.cpp; path = ../../../addons/ofxZeroconf/libs/Zeroconf/src/Browser.cpp; sourceTree = SOURCE_ROOT; };
		5cad808a7d832146f243460f45d5a4a6 /* BaseError.h */ = {isa = PBXFileReference; explicitFileType = sourcecode.c.h; fileEncoding = 30; name = BaseError.h; path = ../../../addons/ofxZeroconf/libs/Zeroconf/include/Zeroconf/BaseError.h; sourceTree = SOURCE_ROOT; };
		64f379af19a83d8fc4ab324ac7ff4a4d /* AvahiBrowser.h */ = {isa = PBXFileReference; explicitFileType = sourcecode.c.h; fileEncoding = 30; name = AvahiBrowser.h; path = ../../../addons/ofxZeroconf/libs/Zeroconf/include/Zeroconf/Avahi/AvahiBrowser.h; sourceTree = SOURCE_ROOT; };
		65fcae08d326d7ef1910a329fc1bcc4f /* writer.h */ = {isa = PBXFileReference; explicitFileType = sourcecode.c.h; fileEncoding = 30; name = writer.h; path = ../../../addons/ofxJSON/libs/jsoncpp/include/json/writer.h; sourceTree = SOURCE_ROOT; };
		6b4731f132fe1555526d5ef7fa14dd22 /* KibioConnectApp.cpp */ = {isa = PBXFileReference; explicitFileType = sourcecode.cpp.cpp; fileEncoding = 30; name = KibioConnectApp.cpp; path = src/KibioConnectApp.cpp; sourceTree = SOURCE_ROOT; };
		6d6f817b9b9d9aeb9d15628ecdefb546 /* DNSSDEventHandler.cpp */ = {isa = PBXFileReference; explicitFileType = sourcecode.cpp.cpp; fileEncoding = 30; name = DNSSDEventHandler.cpp; path = ../../../addons/ofxZeroconf/libs/Zeroconf/src/DNSSD/DNSSDEventHandler.cpp; sourceTree = SOURCE_ROOT; };
		6f94aca14609a0de769d3b91970279f4 /* features.h */ = {isa = PBXFileReference; explicitFileType = sourcecode.c.h; fileEncoding = 30; name = features.h; path = ../../../addons/ofxJSON/libs/jsoncpp/include/json/features.h; sourceTree = SOURCE_ROOT; };
		8009be4f7b27401528556c18d0b4d5e3 /* ClientEvents.h */ = {isa = PBXFileReference; explicitFileType = sourcecode.c.h; fileEncoding = 30; name = ClientEvents.h; path = ../../../addons/ofxZeroconf/libs/Zeroconf/include/Zeroconf/ClientEvents.h; sourceTree = SOURCE_ROOT; };
		91a901fd328361c4e5ad19f2df41bbb3 /* EventHandler.h */ = {isa = PBXFileReference; explicitFileType = sourcecode.c.h; fileEncoding = 30; name = EventHandler.h; path = ../../../addons/ofxZeroconf/libs/Zeroconf/include/Zeroconf/EventHandler.h; sourceTree = SOURCE_ROOT; };
		98169aec4e990dbdf3275463650ffd78 /* config.h */ = {isa = PBXFileReference; explicitFileType = sourcecode.c.h; fileEncoding = 30; name = config.h; path = ../../../addons/ofxJSON/libs/jsoncpp/include/json/config.h; sourceTree = SOURCE_ROOT; };
		994d882e1007488b57e6bb142a8515b8 /* DNSSDClient.h */ = {isa = PBXFileReference; explicitFileType = sourcecode.c.h; fileEncoding = 30; name = DNSSDClient.h; path = ../../../addons/ofxZeroconf/libs/Zeroconf/include/Zeroconf/DNSSD/DNSSDClient.h; sourceTree = SOURCE_ROOT; };
		9f3a924272952acc07435beeb83e7023 /* AvahiEventHandler.cpp */ = {isa = PBXFileReference; explicitFileType = sourcecode.cpp.cpp; fileEncoding = 30; name = AvahiEventHandler.cpp; path = ../../../addons/ofxZeroconf/libs/Zeroconf/src/Avahi/AvahiEventHandler.cpp; sourceTree = SOURCE_ROOT; };
		BBAB23BE13894E4700AA2426 /* GLUT.framework */ = {isa = PBXFileReference; lastKnownFileType = wrapper.framework; name = GLUT.framework; path = ../../../libs/glut/lib/osx/GLUT.framework; sourceTree = "<group>"; };
		E4328143138ABC890047C5CB /* openFrameworksLib.xcodeproj */ = {isa = PBXFileReference; lastKnownFileType = "wrapper.pb-project"; name = openFrameworksLib.xcodeproj; path = ../../../libs/openFrameworksCompiled/project/osx/openFrameworksLib.xcodeproj; sourceTree = SOURCE_ROOT; };
		E45BE9710E8CC7DD009D7055 /* AGL.framework */ = {isa = PBXFileReference; lastKnownFileType = wrapper.framework; name = AGL.framework; path = /System/Library/Frameworks/AGL.framework; sourceTree = "<absolute>"; };
		E45BE9720E8CC7DD009D7055 /* ApplicationServices.framework */ = {isa = PBXFileReference; lastKnownFileType = wrapper.framework; name = ApplicationServices.framework; path = /System/Library/Frameworks/ApplicationServices.framework; sourceTree = "<absolute>"; };
		E45BE9730E8CC7DD009D7055 /* AudioToolbox.framework */ = {isa = PBXFileReference; lastKnownFileType = wrapper.framework; name = AudioToolbox.framework; path = /System/Library/Frameworks/AudioToolbox.framework; sourceTree = "<absolute>"; };
		E45BE9740E8CC7DD009D7055 /* Carbon.framework */ = {isa = PBXFileReference; lastKnownFileType = wrapper.framework; name = Carbon.framework; path = /System/Library/Frameworks/Carbon.framework; sourceTree = "<absolute>"; };
		E45BE9750E8CC7DD009D7055 /* CoreAudio.framework */ = {isa = PBXFileReference; lastKnownFileType = wrapper.framework; name = CoreAudio.framework; path = /System/Library/Frameworks/CoreAudio.framework; sourceTree = "<absolute>"; };
		E45BE9760E8CC7DD009D7055 /* CoreFoundation.framework */ = {isa = PBXFileReference; lastKnownFileType = wrapper.framework; name = CoreFoundation.framework; path = /System/Library/Frameworks/CoreFoundation.framework; sourceTree = "<absolute>"; };
		E45BE9770E8CC7DD009D7055 /* CoreServices.framework */ = {isa = PBXFileReference; lastKnownFileType = wrapper.framework; name = CoreServices.framework; path = /System/Library/Frameworks/CoreServices.framework; sourceTree = "<absolute>"; };
		E45BE9790E8CC7DD009D7055 /* OpenGL.framework */ = {isa = PBXFileReference; lastKnownFileType = wrapper.framework; name = OpenGL.framework; path = /System/Library/Frameworks/OpenGL.framework; sourceTree = "<absolute>"; };
		E45BE97A0E8CC7DD009D7055 /* QuickTime.framework */ = {isa = PBXFileReference; lastKnownFileType = wrapper.framework; name = QuickTime.framework; path = /System/Library/Frameworks/QuickTime.framework; sourceTree = "<absolute>"; };
		E4B69B5B0A3A1756003C02F2 /* kibio-connectDebug.app */ = {isa = PBXFileReference; explicitFileType = wrapper.application; includeInIndex = 0; path = "kibio-connectDebug.app"; sourceTree = BUILT_PRODUCTS_DIR; };
		E4B69E1D0A3A1BDC003C02F2 /* main.cpp */ = {isa = PBXFileReference; fileEncoding = 30; lastKnownFileType = sourcecode.cpp.cpp; name = main.cpp; path = src/main.cpp; sourceTree = SOURCE_ROOT; };
		E4B6FCAD0C3E899E008CF71C /* openFrameworks-Info.plist */ = {isa = PBXFileReference; fileEncoding = 30; lastKnownFileType = text.plist.xml; path = "openFrameworks-Info.plist"; sourceTree = "<group>"; };
		E4C2424410CC5A17004149E2 /* AppKit.framework */ = {isa = PBXFileReference; lastKnownFileType = wrapper.framework; name = AppKit.framework; path = /System/Library/Frameworks/AppKit.framework; sourceTree = "<absolute>"; };
		E4C2424510CC5A17004149E2 /* Cocoa.framework */ = {isa = PBXFileReference; lastKnownFileType = wrapper.framework; name = Cocoa.framework; path = /System/Library/Frameworks/Cocoa.framework; sourceTree = "<absolute>"; };
		E4C2424610CC5A17004149E2 /* IOKit.framework */ = {isa = PBXFileReference; lastKnownFileType = wrapper.framework; name = IOKit.framework; path = /System/Library/Frameworks/IOKit.framework; sourceTree = "<absolute>"; };
		E4EB691F138AFCF100A09F29 /* CoreOF.xcconfig */ = {isa = PBXFileReference; fileEncoding = 4; lastKnownFileType = text.xcconfig; name = CoreOF.xcconfig; path = ../../../libs/openFrameworksCompiled/project/osx/CoreOF.xcconfig; sourceTree = SOURCE_ROOT; };
		E4EB6923138AFD0F00A09F29 /* Project.xcconfig */ = {isa = PBXFileReference; fileEncoding = 4; lastKnownFileType = text.xcconfig; path = Project.xcconfig; sourceTree = "<group>"; };
		E7E077E415D3B63C0020DFD4 /* CoreVideo.framework */ = {isa = PBXFileReference; lastKnownFileType = wrapper.framework; name = CoreVideo.framework; path = /System/Library/Frameworks/CoreVideo.framework; sourceTree = "<absolute>"; };
		E7E077E715D3B6510020DFD4 /* QTKit.framework */ = {isa = PBXFileReference; lastKnownFileType = wrapper.framework; name = QTKit.framework; path = /System/Library/Frameworks/QTKit.framework; sourceTree = "<absolute>"; };
		E7F985F515E0DE99003869B5 /* Accelerate.framework */ = {isa = PBXFileReference; lastKnownFileType = wrapper.framework; name = Accelerate.framework; path = /System/Library/Frameworks/Accelerate.framework; sourceTree = "<absolute>"; };
		FD5B8BF91743E80300B21EB8 /* ApacheMimeTypes.h */ = {isa = PBXFileReference; fileEncoding = 4; lastKnownFileType = sourcecode.c.h; path = ApacheMimeTypes.h; sourceTree = "<group>"; };
		FD5B8BFA1743E80300B21EB8 /* BaseMediaTypeProvider.h */ = {isa = PBXFileReference; fileEncoding = 4; lastKnownFileType = sourcecode.c.h; path = BaseMediaTypeProvider.h; sourceTree = "<group>"; };
		FD5B8BFB1743E80300B21EB8 /* MediaTypeMap.cpp */ = {isa = PBXFileReference; fileEncoding = 4; lastKnownFileType = sourcecode.cpp.cpp; path = MediaTypeMap.cpp; sourceTree = "<group>"; };
		FD5B8BFC1743E80300B21EB8 /* MediaTypeMap.h */ = {isa = PBXFileReference; fileEncoding = 4; lastKnownFileType = sourcecode.c.h; path = MediaTypeMap.h; sourceTree = "<group>"; };
		FDEAAC9A17B12B85003CD3E1 /* Authentication.h */ = {isa = PBXFileReference; fileEncoding = 4; lastKnownFileType = sourcecode.c.h; path = Authentication.h; sourceTree = "<group>"; };
		FDEAAC9B17B12B85003CD3E1 /* AuthScope.cpp */ = {isa = PBXFileReference; fileEncoding = 4; lastKnownFileType = sourcecode.cpp.cpp; path = AuthScope.cpp; sourceTree = "<group>"; };
		FDEAAC9C17B12B85003CD3E1 /* AuthScope.h */ = {isa = PBXFileReference; fileEncoding = 4; lastKnownFileType = sourcecode.c.h; path = AuthScope.h; sourceTree = "<group>"; };
		FDEAAC9D17B12B85003CD3E1 /* Credentials.cpp */ = {isa = PBXFileReference; fileEncoding = 4; lastKnownFileType = sourcecode.cpp.cpp; path = Credentials.cpp; sourceTree = "<group>"; };
		FDEAAC9E17B12B85003CD3E1 /* Credentials.h */ = {isa = PBXFileReference; fileEncoding = 4; lastKnownFileType = sourcecode.c.h; path = Credentials.h; sourceTree = "<group>"; };
		FDEAAC9F17B12B85003CD3E1 /* CredentialStore.cpp */ = {isa = PBXFileReference; fileEncoding = 4; lastKnownFileType = sourcecode.cpp.cpp; path = CredentialStore.cpp; sourceTree = "<group>"; };
		FDEAACA017B12B85003CD3E1 /* CredentialStore.h */ = {isa = PBXFileReference; fileEncoding = 4; lastKnownFileType = sourcecode.c.h; path = CredentialStore.h; sourceTree = "<group>"; };
		FDEAACA117B12B85003CD3E1 /* DefaultServertAuthenticationManager.h */ = {isa = PBXFileReference; fileEncoding = 4; lastKnownFileType = sourcecode.c.h; path = DefaultServertAuthenticationManager.h; sourceTree = "<group>"; };
		FDEAACA317B12B85003CD3E1 /* Client.cpp */ = {isa = PBXFileReference; fileEncoding = 4; lastKnownFileType = sourcecode.cpp.cpp; path = Client.cpp; sourceTree = "<group>"; };
		FDEAACA417B12B85003CD3E1 /* Client.h */ = {isa = PBXFileReference; fileEncoding = 4; lastKnownFileType = sourcecode.c.h; path = Client.h; sourceTree = "<group>"; };
		FDEAACA517B12B85003CD3E1 /* ClientContext.cpp */ = {isa = PBXFileReference; fileEncoding = 4; lastKnownFileType = sourcecode.cpp.cpp; path = ClientContext.cpp; sourceTree = "<group>"; };
		FDEAACA617B12B85003CD3E1 /* ClientContext.h */ = {isa = PBXFileReference; fileEncoding = 4; lastKnownFileType = sourcecode.c.h; path = ClientContext.h; sourceTree = "<group>"; };
		FDEAACA817B12B85003CD3E1 /* Cookie.cpp */ = {isa = PBXFileReference; fileEncoding = 4; lastKnownFileType = sourcecode.cpp.cpp; path = Cookie.cpp; sourceTree = "<group>"; };
		FDEAACA917B12B85003CD3E1 /* Cookie.h */ = {isa = PBXFileReference; fileEncoding = 4; lastKnownFileType = sourcecode.c.h; path = Cookie.h; sourceTree = "<group>"; };
		FDEAACAA17B12B85003CD3E1 /* CookieStore.cpp */ = {isa = PBXFileReference; fileEncoding = 4; lastKnownFileType = sourcecode.cpp.cpp; path = CookieStore.cpp; sourceTree = "<group>"; };
		FDEAACAB17B12B85003CD3E1 /* CookieStore.h */ = {isa = PBXFileReference; fileEncoding = 4; lastKnownFileType = sourcecode.c.h; path = CookieStore.h; sourceTree = "<group>"; };
		FDEAACAC17B12B85003CD3E1 /* ofxHTTPRequestExecutor.cpp */ = {isa = PBXFileReference; fileEncoding = 4; lastKnownFileType = sourcecode.cpp.cpp; path = ofxHTTPRequestExecutor.cpp; sourceTree = "<group>"; };
		FDEAACAD17B12B85003CD3E1 /* ofxHTTPRequestExecutor.h */ = {isa = PBXFileReference; fileEncoding = 4; lastKnownFileType = sourcecode.c.h; path = ofxHTTPRequestExecutor.h; sourceTree = "<group>"; };
		FDEAACAE17B12B85003CD3E1 /* ofxSSLManager.h */ = {isa = PBXFileReference; fileEncoding = 4; lastKnownFileType = sourcecode.c.h; path = ofxSSLManager.h; sourceTree = "<group>"; };
		FDEAACAF17B12B85003CD3E1 /* ofxThreadErrorHandler.h */ = {isa = PBXFileReference; fileEncoding = 4; lastKnownFileType = sourcecode.c.h; path = ofxThreadErrorHandler.h; sourceTree = "<group>"; };
		FDEAACB117B12B85003CD3E1 /* ProxySettings.cpp */ = {isa = PBXFileReference; fileEncoding = 4; lastKnownFileType = sourcecode.cpp.cpp; path = ProxySettings.cpp; sourceTree = "<group>"; };
		FDEAACB217B12B85003CD3E1 /* ProxySettings.h */ = {isa = PBXFileReference; fileEncoding = 4; lastKnownFileType = sourcecode.c.h; path = ProxySettings.h; sourceTree = "<group>"; };
		FDEAACB417B12B85003CD3E1 /* BaseRequest.cpp */ = {isa = PBXFileReference; fileEncoding = 4; lastKnownFileType = sourcecode.cpp.cpp; path = BaseRequest.cpp; sourceTree = "<group>"; };
		FDEAACB517B12B85003CD3E1 /* BaseRequest.h */ = {isa = PBXFileReference; fileEncoding = 4; lastKnownFileType = sourcecode.c.h; path = BaseRequest.h; sourceTree = "<group>"; };
		FDEAACB617B12B85003CD3E1 /* Get.cpp */ = {isa = PBXFileReference; fileEncoding = 4; lastKnownFileType = sourcecode.cpp.cpp; path = Get.cpp; sourceTree = "<group>"; };
		FDEAACB717B12B85003CD3E1 /* Get.h */ = {isa = PBXFileReference; fileEncoding = 4; lastKnownFileType = sourcecode.c.h; path = Get.h; sourceTree = "<group>"; };
		FDEAACB817B12B85003CD3E1 /* Post.cpp */ = {isa = PBXFileReference; fileEncoding = 4; lastKnownFileType = sourcecode.cpp.cpp; path = Post.cpp; sourceTree = "<group>"; };
		FDEAACB917B12B85003CD3E1 /* Post.h */ = {isa = PBXFileReference; fileEncoding = 4; lastKnownFileType = sourcecode.c.h; path = Post.h; sourceTree = "<group>"; };
		FDEAACBA17B12B85003CD3E1 /* Put.cpp */ = {isa = PBXFileReference; fileEncoding = 4; lastKnownFileType = sourcecode.cpp.cpp; path = Put.cpp; sourceTree = "<group>"; };
		FDEAACBB17B12B85003CD3E1 /* Put.h */ = {isa = PBXFileReference; fileEncoding = 4; lastKnownFileType = sourcecode.c.h; path = Put.h; sourceTree = "<group>"; };
		FDEAACBD17B12B85003CD3E1 /* BaseRouteSettings.cpp */ = {isa = PBXFileReference; fileEncoding = 4; lastKnownFileType = sourcecode.cpp.cpp; path = BaseRouteSettings.cpp; sourceTree = "<group>"; };
		FDEAACBE17B12B85003CD3E1 /* BaseRouteSettings.h */ = {isa = PBXFileReference; fileEncoding = 4; lastKnownFileType = sourcecode.c.h; path = BaseRouteSettings.h; sourceTree = "<group>"; };
		FDEAACBF17B12B85003CD3E1 /* BaseServerBasicAuthenticationManager.cpp */ = {isa = PBXFileReference; fileEncoding = 4; lastKnownFileType = sourcecode.cpp.cpp; path = BaseServerBasicAuthenticationManager.cpp; sourceTree = "<group>"; };
		FDEAACC017B12B85003CD3E1 /* BaseServerBasicAuthenticationManager.h */ = {isa = PBXFileReference; fileEncoding = 4; lastKnownFileType = sourcecode.c.h; path = BaseServerBasicAuthenticationManager.h; sourceTree = "<group>"; };
		FDEAACC117B12B85003CD3E1 /* BaseServerRoute.cpp */ = {isa = PBXFileReference; fileEncoding = 4; lastKnownFileType = sourcecode.cpp.cpp; path = BaseServerRoute.cpp; sourceTree = "<group>"; };
		FDEAACC217B12B85003CD3E1 /* BaseServerRoute.h */ = {isa = PBXFileReference; fileEncoding = 4; lastKnownFileType = sourcecode.c.h; path = BaseServerRoute.h; sourceTree = "<group>"; };
		FDEAACC317B12B85003CD3E1 /* BaseServerRouteHandler.cpp */ = {isa = PBXFileReference; fileEncoding = 4; lastKnownFileType = sourcecode.cpp.cpp; path = BaseServerRouteHandler.cpp; sourceTree = "<group>"; };
		FDEAACC417B12B85003CD3E1 /* BaseServerRouteHandler.h */ = {isa = PBXFileReference; fileEncoding = 4; lastKnownFileType = sourcecode.c.h; path = BaseServerRouteHandler.h; sourceTree = "<group>"; };
		FDEAACC517B12B85003CD3E1 /* BaseServerRouteSettings.cpp */ = {isa = PBXFileReference; fileEncoding = 4; lastKnownFileType = sourcecode.cpp.cpp; path = BaseServerRouteSettings.cpp; sourceTree = "<group>"; };
		FDEAACC617B12B85003CD3E1 /* BaseServerRouteSettings.h */ = {isa = PBXFileReference; fileEncoding = 4; lastKnownFileType = sourcecode.c.h; path = BaseServerRouteSettings.h; sourceTree = "<group>"; };
		FDEAACC717B12B85003CD3E1 /* BasicServer.cpp */ = {isa = PBXFileReference; fileEncoding = 4; lastKnownFileType = sourcecode.cpp.cpp; path = BasicServer.cpp; sourceTree = "<group>"; };
		FDEAACC817B12B85003CD3E1 /* BasicServer.h */ = {isa = PBXFileReference; fileEncoding = 4; lastKnownFileType = sourcecode.c.h; path = BasicServer.h; sourceTree = "<group>"; };
		FDEAACC917B12B85003CD3E1 /* BasicServerAuthenticator.h */ = {isa = PBXFileReference; fileEncoding = 4; lastKnownFileType = sourcecode.c.h; path = BasicServerAuthenticator.h; sourceTree = "<group>"; };
		FDEAACCA17B12B85003CD3E1 /* Server.cpp */ = {isa = PBXFileReference; fileEncoding = 4; lastKnownFileType = sourcecode.cpp.cpp; path = Server.cpp; sourceTree = "<group>"; };
		FDEAACCB17B12B85003CD3E1 /* Server.h */ = {isa = PBXFileReference; fileEncoding = 4; lastKnownFileType = sourcecode.c.h; path = Server.h; sourceTree = "<group>"; };
		FDEAACCC17B12B85003CD3E1 /* ServerDefaultSessionManager.h */ = {isa = PBXFileReference; fileEncoding = 4; lastKnownFileType = sourcecode.c.h; path = ServerDefaultSessionManager.h; sourceTree = "<group>"; };
		FDEAACCD17B12B85003CD3E1 /* ServerExchange.h */ = {isa = PBXFileReference; fileEncoding = 4; lastKnownFileType = sourcecode.c.h; path = ServerExchange.h; sourceTree = "<group>"; };
		FDEAACCE17B12B85003CD3E1 /* ServerRouteHandler.cpp */ = {isa = PBXFileReference; fileEncoding = 4; lastKnownFileType = sourcecode.cpp.cpp; path = ServerRouteHandler.cpp; sourceTree = "<group>"; };
		FDEAACCF17B12B85003CD3E1 /* ServerRouteHandler.h */ = {isa = PBXFileReference; fileEncoding = 4; lastKnownFileType = sourcecode.c.h; path = ServerRouteHandler.h; sourceTree = "<group>"; };
		FDEAACD017B12B85003CD3E1 /* ServerRouteManager.cpp */ = {isa = PBXFileReference; fileEncoding = 4; lastKnownFileType = sourcecode.cpp.cpp; path = ServerRouteManager.cpp; sourceTree = "<group>"; };
		FDEAACD117B12B85003CD3E1 /* ServerRouteManager.h */ = {isa = PBXFileReference; fileEncoding = 4; lastKnownFileType = sourcecode.c.h; path = ServerRouteManager.h; sourceTree = "<group>"; };
		FDEAACD217B12B85003CD3E1 /* ServerUploadRoute.cpp */ = {isa = PBXFileReference; fileEncoding = 4; lastKnownFileType = sourcecode.cpp.cpp; path = ServerUploadRoute.cpp; sourceTree = "<group>"; };
		FDEAACD317B12B85003CD3E1 /* ServerUploadRoute.h */ = {isa = PBXFileReference; fileEncoding = 4; lastKnownFileType = sourcecode.c.h; path = ServerUploadRoute.h; sourceTree = "<group>"; };
		FDEAACD417B12B85003CD3E1 /* ServerUploadRouteHandler.cpp */ = {isa = PBXFileReference; fileEncoding = 4; lastKnownFileType = sourcecode.cpp.cpp; path = ServerUploadRouteHandler.cpp; sourceTree = "<group>"; };
		FDEAACD517B12B85003CD3E1 /* ServerUploadRouteHandler.h */ = {isa = PBXFileReference; fileEncoding = 4; lastKnownFileType = sourcecode.c.h; path = ServerUploadRouteHandler.h; sourceTree = "<group>"; };
		FDEAACD617B12B85003CD3E1 /* SessionSettings.cpp */ = {isa = PBXFileReference; fileEncoding = 4; lastKnownFileType = sourcecode.cpp.cpp; path = SessionSettings.cpp; sourceTree = "<group>"; };
		FDEAACD717B12B85003CD3E1 /* SessionSettings.h */ = {isa = PBXFileReference; fileEncoding = 4; lastKnownFileType = sourcecode.c.h; path = SessionSettings.h; sourceTree = "<group>"; };
		FDEAACD817B12B85003CD3E1 /* UploadRouteSettings.cpp */ = {isa = PBXFileReference; fileEncoding = 4; lastKnownFileType = sourcecode.cpp.cpp; path = UploadRouteSettings.cpp; sourceTree = "<group>"; };
		FDEAACD917B12B85003CD3E1 /* UploadRouteSettings.h */ = {isa = PBXFileReference; fileEncoding = 4; lastKnownFileType = sourcecode.c.h; path = UploadRouteSettings.h; sourceTree = "<group>"; };
		FDEAACDB17B12B85003CD3E1 /* AbstractTypes.h */ = {isa = PBXFileReference; fileEncoding = 4; lastKnownFileType = sourcecode.c.h; path = AbstractTypes.h; sourceTree = "<group>"; };
		FDEAACDC17B12B85003CD3E1 /* ProgressMonitor.cpp */ = {isa = PBXFileReference; fileEncoding = 4; lastKnownFileType = sourcecode.cpp.cpp; path = ProgressMonitor.cpp; sourceTree = "<group>"; };
		FDEAACDD17B12B85003CD3E1 /* ProgressMonitor.h */ = {isa = PBXFileReference; fileEncoding = 4; lastKnownFileType = sourcecode.c.h; path = ProgressMonitor.h; sourceTree = "<group>"; };
		FDEAACDE17B12B85003CD3E1 /* ResponseStream.cpp */ = {isa = PBXFileReference; fileEncoding = 4; lastKnownFileType = sourcecode.cpp.cpp; path = ResponseStream.cpp; sourceTree = "<group>"; };
		FDEAACDF17B12B85003CD3E1 /* ResponseStream.h */ = {isa = PBXFileReference; fileEncoding = 4; lastKnownFileType = sourcecode.c.h; path = ResponseStream.h; sourceTree = "<group>"; };
		FDEAACE117B12B85003CD3E1 /* Compression.cpp */ = {isa = PBXFileReference; fileEncoding = 4; lastKnownFileType = sourcecode.cpp.cpp; path = Compression.cpp; sourceTree = "<group>"; };
		FDEAACE217B12B85003CD3E1 /* Compression.h */ = {isa = PBXFileReference; fileEncoding = 4; lastKnownFileType = sourcecode.c.h; path = Compression.h; sourceTree = "<group>"; };
		FDEAACE317B12B85003CD3E1 /* StreamUtils.cpp */ = {isa = PBXFileReference; fileEncoding = 4; lastKnownFileType = sourcecode.cpp.cpp; path = StreamUtils.cpp; sourceTree = "<group>"; };
		FDEAACE417B12B85003CD3E1 /* StreamUtils.h */ = {isa = PBXFileReference; fileEncoding = 4; lastKnownFileType = sourcecode.c.h; path = StreamUtils.h; sourceTree = "<group>"; };
		FDEAACE517B12B85003CD3E1 /* Utils.cpp */ = {isa = PBXFileReference; fileEncoding = 4; lastKnownFileType = sourcecode.cpp.cpp; path = Utils.cpp; sourceTree = "<group>"; };
		FDEAACE617B12B85003CD3E1 /* Utils.h */ = {isa = PBXFileReference; fileEncoding = 4; lastKnownFileType = sourcecode.c.h; path = Utils.h; sourceTree = "<group>"; };
		FDEAACE817B12B85003CD3E1 /* BaseWebSocketRouteHandler.h */ = {isa = PBXFileReference; fileEncoding = 4; lastKnownFileType = sourcecode.c.h; path = BaseWebSocketRouteHandler.h; sourceTree = "<group>"; };
		FDEAACE917B12B85003CD3E1 /* BaseWebSocketSessionManager.cpp */ = {isa = PBXFileReference; fileEncoding = 4; lastKnownFileType = sourcecode.cpp.cpp; path = BaseWebSocketSessionManager.cpp; sourceTree = "<group>"; };
		FDEAACEA17B12B85003CD3E1 /* BaseWebSocketSessionManager.h */ = {isa = PBXFileReference; fileEncoding = 4; lastKnownFileType = sourcecode.c.h; path = BaseWebSocketSessionManager.h; sourceTree = "<group>"; };
		FDEAACEB17B12B85003CD3E1 /* BasicWebSocketServer.h */ = {isa = PBXFileReference; fileEncoding = 4; lastKnownFileType = sourcecode.c.h; path = BasicWebSocketServer.h; sourceTree = "<group>"; };
		FDEAACEC17B12B85003CD3E1 /* WebSocketEvents.h */ = {isa = PBXFileReference; fileEncoding = 4; lastKnownFileType = sourcecode.c.h; path = WebSocketEvents.h; sourceTree = "<group>"; };
		FDEAACED17B12B85003CD3E1 /* WebSocketFrame.cpp */ = {isa = PBXFileReference; fileEncoding = 4; lastKnownFileType = sourcecode.cpp.cpp; path = WebSocketFrame.cpp; sourceTree = "<group>"; };
		FDEAACEE17B12B85003CD3E1 /* WebSocketFrame.h */ = {isa = PBXFileReference; fileEncoding = 4; lastKnownFileType = sourcecode.c.h; path = WebSocketFrame.h; sourceTree = "<group>"; };
		FDEAACEF17B12B85003CD3E1 /* WebSocketRoute.cpp */ = {isa = PBXFileReference; fileEncoding = 4; lastKnownFileType = sourcecode.cpp.cpp; path = WebSocketRoute.cpp; sourceTree = "<group>"; };
		FDEAACF017B12B85003CD3E1 /* WebSocketRoute.h */ = {isa = PBXFileReference; fileEncoding = 4; lastKnownFileType = sourcecode.c.h; path = WebSocketRoute.h; sourceTree = "<group>"; };
		FDEAACF117B12B85003CD3E1 /* WebSocketRouteHandler.cpp */ = {isa = PBXFileReference; fileEncoding = 4; lastKnownFileType = sourcecode.cpp.cpp; path = WebSocketRouteHandler.cpp; sourceTree = "<group>"; };
		FDEAACF217B12B85003CD3E1 /* WebSocketRouteHandler.h */ = {isa = PBXFileReference; fileEncoding = 4; lastKnownFileType = sourcecode.c.h; path = WebSocketRouteHandler.h; sourceTree = "<group>"; };
		FDEAAD1617B12BBA003CD3E1 /* ZeroconfManager.cpp */ = {isa = PBXFileReference; fileEncoding = 4; lastKnownFileType = sourcecode.cpp.cpp; name = ZeroconfManager.cpp; path = ../../../addons/ofxZeroconf/src/ZeroconfManager.cpp; sourceTree = "<group>"; };
		FDEAAD1717B12BBA003CD3E1 /* ZeroconfManager.h */ = {isa = PBXFileReference; fileEncoding = 4; lastKnownFileType = sourcecode.c.h; name = ZeroconfManager.h; path = ../../../addons/ofxZeroconf/src/ZeroconfManager.h; sourceTree = "<group>"; };
		aa19c7b5eb9660087056e75a44a0a212 /* forwards.h */ = {isa = PBXFileReference; explicitFileType = sourcecode.c.h; fileEncoding = 30; name = forwards.h; path = ../../../addons/ofxJSON/libs/jsoncpp/include/json/forwards.h; sourceTree = SOURCE_ROOT; };
		b33038a8db550ba52a097120fab07537 /* BaseEventHandler.h */ = {isa = PBXFileReference; explicitFileType = sourcecode.c.h; fileEncoding = 30; name = BaseEventHandler.h; path = ../../../addons/ofxZeroconf/libs/Zeroconf/include/Zeroconf/BaseEventHandler.h; sourceTree = SOURCE_ROOT; };
		ba34f2d9b73cba21c429f3bcd94fa387 /* Domain.h */ = {isa = PBXFileReference; explicitFileType = sourcecode.c.h; fileEncoding = 30; name = Domain.h; path = ../../../addons/ofxZeroconf/libs/Zeroconf/include/Zeroconf/Domain.h; sourceTree = SOURCE_ROOT; };
		bb6a4af06411261ad99b79c630adfe13 /* Service.h */ = {isa = PBXFileReference; explicitFileType = sourcecode.c.h; fileEncoding = 30; name = Service.h; path = ../../../addons/ofxZeroconf/libs/Zeroconf/include/Zeroconf/Service.h; sourceTree = SOURCE_ROOT; };
		bc836d0128a247034496ccf49acbaf69 /* DNSSDClient.cpp */ = {isa = PBXFileReference; explicitFileType = sourcecode.cpp.cpp; fileEncoding = 30; name = DNSSDClient.cpp; path = ../../../addons/ofxZeroconf/libs/Zeroconf/src/DNSSD/DNSSDClient.cpp; sourceTree = SOURCE_ROOT; };
		be7b9c6ef2d93f55e01ea51612a672cc /* Utils.h */ = {isa = PBXFileReference; explicitFileType = sourcecode.c.h; fileEncoding = 30; name = Utils.h; path = ../../../addons/ofxZeroconf/libs/Zeroconf/include/Zeroconf/Utils.h; sourceTree = SOURCE_ROOT; };
		bf6eee4c9b295c9bbce219771c3d6af2 /* DNSSDBrowser.h */ = {isa = PBXFileReference; explicitFileType = sourcecode.c.h; fileEncoding = 30; name = DNSSDBrowser.h; path = ../../../addons/ofxZeroconf/libs/Zeroconf/include/Zeroconf/DNSSD/DNSSDBrowser.h; sourceTree = SOURCE_ROOT; };
		c56bb922cb7105cc34851336bbdde610 /* Error.cpp */ = {isa = PBXFileReference; explicitFileType = sourcecode.cpp.cpp; fileEncoding = 30; name = Error.cpp; path = ../../../addons/ofxZeroconf/libs/Zeroconf/src/Error.cpp; sourceTree = SOURCE_ROOT; };
		c5818cf5d0607c1389e2345b63f8db7a /* Client.h */ = {isa = PBXFileReference; explicitFileType = sourcecode.c.h; fileEncoding = 30; name = Client.h; path = ../../../addons/ofxZeroconf/libs/Zeroconf/include/Zeroconf/Client.h; sourceTree = SOURCE_ROOT; };
		c5baefc7543f3132f9f97a87771a860b /* AvahiEventHandler.h */ = {isa = PBXFileReference; explicitFileType = sourcecode.c.h; fileEncoding = 30; name = AvahiEventHandler.h; path = ../../../addons/ofxZeroconf/libs/Zeroconf/include/Zeroconf/Avahi/AvahiEventHandler.h; sourceTree = SOURCE_ROOT; };
		c5ea4b5dceff5e698f8354d85827cc9c /* AvahiBrowser.cpp */ = {isa = PBXFileReference; explicitFileType = sourcecode.cpp.cpp; fileEncoding = 30; name = AvahiBrowser.cpp; path = ../../../addons/ofxZeroconf/libs/Zeroconf/src/Avahi/AvahiBrowser.cpp; sourceTree = SOURCE_ROOT; };
		d5c09faa58f07c4d65b0a5ae46815b3e /* reader.h */ = {isa = PBXFileReference; explicitFileType = sourcecode.c.h; fileEncoding = 30; name = reader.h; path = ../../../addons/ofxJSON/libs/jsoncpp/include/json/reader.h; sourceTree = SOURCE_ROOT; };
		d7589705b5e54f6cf07d59104826cfc2 /* BaseClient.h */ = {isa = PBXFileReference; explicitFileType = sourcecode.c.h; fileEncoding = 30; name = BaseClient.h; path = ../../../addons/ofxZeroconf/libs/Zeroconf/include/Zeroconf/BaseClient.h; sourceTree = SOURCE_ROOT; };
		d9e874b264f7d8fe47198d75208178f4 /* Record.cpp */ = {isa = PBXFileReference; explicitFileType = sourcecode.cpp.cpp; fileEncoding = 30; name = Record.cpp; path = ../../../addons/ofxZeroconf/libs/Zeroconf/src/Record.cpp; sourceTree = SOURCE_ROOT; };
		e0553771fbf3fea2679eef68645bc7b1 /* Browser.h */ = {isa = PBXFileReference; explicitFileType = sourcecode.c.h; fileEncoding = 30; name = Browser.h; path = ../../../addons/ofxZeroconf/libs/Zeroconf/include/Zeroconf/Browser.h; sourceTree = SOURCE_ROOT; };
		e44c6e9634b0df2211d8544630fcbaf5 /* Service.cpp */ = {isa = PBXFileReference; explicitFileType = sourcecode.cpp.cpp; fileEncoding = 30; name = Service.cpp; path = ../../../addons/ofxZeroconf/libs/Zeroconf/src/Service.cpp; sourceTree = SOURCE_ROOT; };
		e6d94f86e5ef56213fecef4428bf90c2 /* AvahiClient.cpp */ = {isa = PBXFileReference; explicitFileType = sourcecode.cpp.cpp; fileEncoding = 30; name = AvahiClient.cpp; path = ../../../addons/ofxZeroconf/libs/Zeroconf/src/Avahi/AvahiClient.cpp; sourceTree = SOURCE_ROOT; };
		e736c8b706469fa04382adfe34f20473 /* autolink.h */ = {isa = PBXFileReference; explicitFileType = sourcecode.c.h; fileEncoding = 30; name = autolink.h; path = ../../../addons/ofxJSON/libs/jsoncpp/include/json/autolink.h; sourceTree = SOURCE_ROOT; };
		e9278984ac27cac850a130cf5b0c34cf /* Record.h */ = {isa = PBXFileReference; explicitFileType = sourcecode.c.h; fileEncoding = 30; name = Record.h; path = ../../../addons/ofxZeroconf/libs/Zeroconf/include/Zeroconf/Record.h; sourceTree = SOURCE_ROOT; };
		efddf1a86ce5c1107eff387323ffdc0e /* json_tool.h */ = {isa = PBXFileReference; explicitFileType = sourcecode.c.h; fileEncoding = 30; name = json_tool.h; path = ../../../addons/ofxJSON/libs/jsoncpp/src/json_tool.h; sourceTree = SOURCE_ROOT; };
		f2b099e6bd1199664c48b177eb0b19be /* ofxJSONElement.cpp */ = {isa = PBXFileReference; explicitFileType = sourcecode.cpp.cpp; fileEncoding = 30; name = ofxJSONElement.cpp; path = ../../../addons/ofxJSON/src/ofxJSONElement.cpp; sourceTree = SOURCE_ROOT; };
/* End PBXFileReference section */

/* Begin PBXFrameworksBuildPhase section */
		E4B69B590A3A1756003C02F2 /* Frameworks */ = {
			isa = PBXFrameworksBuildPhase;
			buildActionMask = 2147483647;
			files = (
				E7F985F815E0DEA3003869B5 /* Accelerate.framework in Frameworks */,
				E7E077E815D3B6510020DFD4 /* QTKit.framework in Frameworks */,
				E4EB6799138ADC1D00A09F29 /* GLUT.framework in Frameworks */,
				E4328149138ABC9F0047C5CB /* openFrameworksDebug.a in Frameworks */,
				E45BE97B0E8CC7DD009D7055 /* AGL.framework in Frameworks */,
				E45BE97C0E8CC7DD009D7055 /* ApplicationServices.framework in Frameworks */,
				E45BE97D0E8CC7DD009D7055 /* AudioToolbox.framework in Frameworks */,
				E45BE97E0E8CC7DD009D7055 /* Carbon.framework in Frameworks */,
				E45BE97F0E8CC7DD009D7055 /* CoreAudio.framework in Frameworks */,
				E45BE9800E8CC7DD009D7055 /* CoreFoundation.framework in Frameworks */,
				E45BE9810E8CC7DD009D7055 /* CoreServices.framework in Frameworks */,
				E45BE9830E8CC7DD009D7055 /* OpenGL.framework in Frameworks */,
				E45BE9840E8CC7DD009D7055 /* QuickTime.framework in Frameworks */,
				E4C2424710CC5A17004149E2 /* AppKit.framework in Frameworks */,
				E4C2424810CC5A17004149E2 /* Cocoa.framework in Frameworks */,
				E4C2424910CC5A17004149E2 /* IOKit.framework in Frameworks */,
				E7E077E515D3B63C0020DFD4 /* CoreVideo.framework in Frameworks */,
			);
			runOnlyForDeploymentPostprocessing = 0;
		};
/* End PBXFrameworksBuildPhase section */

/* Begin PBXGroup section */
		02258b57617e63d6251ef7634be986d8 /* ofxHTTP */ = {
			isa = PBXGroup;
			children = (
				FDEAAC9817B12B85003CD3E1 /* src */,
			);
			name = ofxHTTP;
			sourceTree = "<group>";
		};
		15fc25a09ed5e6f2ec59f871fd4ccdc6 /* src */ = {
			isa = PBXGroup;
			children = (
				2635d60f4567cf26bb21f1dce66a75bb /* Avahi */,
				5a61a00c62697871b1bdc88aee477a31 /* Browser.cpp */,
				48378d017f3dd04c3b199becd83cf570 /* Client.cpp */,
				a5f8a0182a7cf15957061f2b15d9afae /* DNSSD */,
				187b376d8f7102648785d76af4965259 /* Domain.cpp */,
				c56bb922cb7105cc34851336bbdde610 /* Error.cpp */,
				5a11ae1bc10a08c2aff5e982011ee5c0 /* EventHandler.cpp */,
				d9e874b264f7d8fe47198d75208178f4 /* Record.cpp */,
				e44c6e9634b0df2211d8544630fcbaf5 /* Service.cpp */,
				29df2d8376d6a0bc193845d22649f8da /* Utils.cpp */,
			);
			name = src;
			sourceTree = "<group>";
		};
		2635d60f4567cf26bb21f1dce66a75bb /* Avahi */ = {
			isa = PBXGroup;
			children = (
				c5ea4b5dceff5e698f8354d85827cc9c /* AvahiBrowser.cpp */,
				e6d94f86e5ef56213fecef4428bf90c2 /* AvahiClient.cpp */,
				9f3a924272952acc07435beeb83e7023 /* AvahiEventHandler.cpp */,
			);
			name = Avahi;
			sourceTree = "<group>";
		};
		2865daef86b1907a704ca70bc58ce980 /* ofxJSON */ = {
			isa = PBXGroup;
			children = (
				292af6148769654d0df26018ef37b13b /* src */,
				f40e80cb2d443cba9581dd03c57dde89 /* libs */,
			);
			name = ofxJSON;
			sourceTree = "<group>";
		};
		292af6148769654d0df26018ef37b13b /* src */ = {
			isa = PBXGroup;
			children = (
				f2b099e6bd1199664c48b177eb0b19be /* ofxJSONElement.cpp */,
				26a541233bc6f736e758f718c07ea8ec /* ofxJSONElement.h */,
			);
			name = src;
			sourceTree = "<group>";
		};
		3e96bae881bc7c4a990ed57c32504d4a /* Zeroconf */ = {
			isa = PBXGroup;
			children = (
				b72c32377beea72a6acc3acf6fee9aca /* Avahi */,
				4da036701420fd3459f05dde659e3446 /* BaseBrowser.h */,
				d7589705b5e54f6cf07d59104826cfc2 /* BaseClient.h */,
				5cad808a7d832146f243460f45d5a4a6 /* BaseError.h */,
				b33038a8db550ba52a097120fab07537 /* BaseEventHandler.h */,
				528f5e4e022b8ef7656d8ece835d0fff /* BrowseEvents.h */,
				e0553771fbf3fea2679eef68645bc7b1 /* Browser.h */,
				c5818cf5d0607c1389e2345b63f8db7a /* Client.h */,
				8009be4f7b27401528556c18d0b4d5e3 /* ClientEvents.h */,
				d905a7f01d0513bd869dfa1a5f826cd6 /* DNSSD */,
				ba34f2d9b73cba21c429f3bcd94fa387 /* Domain.h */,
				26f758a66534742380802d6d215aa2c3 /* Error.h */,
				91a901fd328361c4e5ad19f2df41bbb3 /* EventHandler.h */,
				e9278984ac27cac850a130cf5b0c34cf /* Record.h */,
				bb6a4af06411261ad99b79c630adfe13 /* Service.h */,
				be7b9c6ef2d93f55e01ea51612a672cc /* Utils.h */,
				222d59ec86959092d6c6aad5078d488d /* Zeroconf.h */,
			);
			name = Zeroconf;
			sourceTree = "<group>";
		};
		3f94b37f795545275bad2cd2c2d6df4f /* include */ = {
			isa = PBXGroup;
			children = (
				3e96bae881bc7c4a990ed57c32504d4a /* Zeroconf */,
			);
			name = include;
			sourceTree = "<group>";
		};
		4405d6bbf2a886c5176ea943b5baba67 /* src */ = {
			isa = PBXGroup;
			children = (
				FDEAAD1617B12BBA003CD3E1 /* ZeroconfManager.cpp */,
				FDEAAD1717B12BBA003CD3E1 /* ZeroconfManager.h */,
			);
			name = src;
			sourceTree = "<group>";
		};
		58ad3bd71b781d9bc25763c8ec8bc3f0 /* json */ = {
			isa = PBXGroup;
			children = (
				e736c8b706469fa04382adfe34f20473 /* autolink.h */,
				98169aec4e990dbdf3275463650ffd78 /* config.h */,
				6f94aca14609a0de769d3b91970279f4 /* features.h */,
				aa19c7b5eb9660087056e75a44a0a212 /* forwards.h */,
				2c7cf000b7b4f782c187c353cb6fc597 /* json.h */,
				d5c09faa58f07c4d65b0a5ae46815b3e /* reader.h */,
				0cd3145a0f2a0e5266668b1b553e348e /* value.h */,
				65fcae08d326d7ef1910a329fc1bcc4f /* writer.h */,
			);
			name = json;
			sourceTree = "<group>";
		};
		7cd569961c60b3789e7cbe2264a3af65 /* ofxZeroconf */ = {
			isa = PBXGroup;
			children = (
				4405d6bbf2a886c5176ea943b5baba67 /* src */,
				7ffe70f123d07c7779c03c9f3a7f5ea3 /* libs */,
			);
			name = ofxZeroconf;
			sourceTree = "<group>";
		};
		7ffe70f123d07c7779c03c9f3a7f5ea3 /* libs */ = {
			isa = PBXGroup;
			children = (
				8ded1bbe59c43177c10a9b2b87d47c98 /* Zeroconf */,
			);
			name = libs;
			sourceTree = "<group>";
		};
		8ded1bbe59c43177c10a9b2b87d47c98 /* Zeroconf */ = {
			isa = PBXGroup;
			children = (
				3f94b37f795545275bad2cd2c2d6df4f /* include */,
				15fc25a09ed5e6f2ec59f871fd4ccdc6 /* src */,
			);
			name = Zeroconf;
			sourceTree = "<group>";
		};
		977a836dd2c489ccc5e330fff7b818bd /* jsoncpp */ = {
			isa = PBXGroup;
			children = (
				d486fc87f063317bb47e9fac176ade3a /* include */,
				ccdc6f9ccf925cc402160b85bf984424 /* src */,
			);
			name = jsoncpp;
			sourceTree = "<group>";
		};
		BB4B014C10F69532006C3DED /* addons */ = {
			isa = PBXGroup;
			children = (
				FD5B8BF71743E7FB00B21EB8 /* ofxMediaType */,
				02258b57617e63d6251ef7634be986d8 /* ofxHTTP */,
				2865daef86b1907a704ca70bc58ce980 /* ofxJSON */,
				7cd569961c60b3789e7cbe2264a3af65 /* ofxZeroconf */,
			);
			name = addons;
			sourceTree = "<group>";
		};
		BBAB23C913894ECA00AA2426 /* system frameworks */ = {
			isa = PBXGroup;
			children = (
				E7F985F515E0DE99003869B5 /* Accelerate.framework */,
				E4C2424410CC5A17004149E2 /* AppKit.framework */,
				E4C2424510CC5A17004149E2 /* Cocoa.framework */,
				E4C2424610CC5A17004149E2 /* IOKit.framework */,
				E45BE9710E8CC7DD009D7055 /* AGL.framework */,
				E45BE9720E8CC7DD009D7055 /* ApplicationServices.framework */,
				E45BE9730E8CC7DD009D7055 /* AudioToolbox.framework */,
				E45BE9740E8CC7DD009D7055 /* Carbon.framework */,
				E45BE9750E8CC7DD009D7055 /* CoreAudio.framework */,
				E45BE9760E8CC7DD009D7055 /* CoreFoundation.framework */,
				E45BE9770E8CC7DD009D7055 /* CoreServices.framework */,
				E45BE9790E8CC7DD009D7055 /* OpenGL.framework */,
				E45BE97A0E8CC7DD009D7055 /* QuickTime.framework */,
				E7E077E415D3B63C0020DFD4 /* CoreVideo.framework */,
				E7E077E715D3B6510020DFD4 /* QTKit.framework */,
			);
			name = "system frameworks";
			sourceTree = "<group>";
		};
		BBAB23CA13894EDB00AA2426 /* 3rd party frameworks */ = {
			isa = PBXGroup;
			children = (
				BBAB23BE13894E4700AA2426 /* GLUT.framework */,
			);
			name = "3rd party frameworks";
			sourceTree = "<group>";
		};
		E4328144138ABC890047C5CB /* Products */ = {
			isa = PBXGroup;
			children = (
				E4328148138ABC890047C5CB /* openFrameworksDebug.a */,
			);
			name = Products;
			sourceTree = "<group>";
		};
		E45BE5980E8CC70C009D7055 /* frameworks */ = {
			isa = PBXGroup;
			children = (
				BBAB23CA13894EDB00AA2426 /* 3rd party frameworks */,
				BBAB23C913894ECA00AA2426 /* system frameworks */,
			);
			name = frameworks;
			sourceTree = "<group>";
		};
		E4B69B4A0A3A1720003C02F2 = {
			isa = PBXGroup;
			children = (
				E4B6FCAD0C3E899E008CF71C /* openFrameworks-Info.plist */,
				E4EB6923138AFD0F00A09F29 /* Project.xcconfig */,
				E4B69E1C0A3A1BDC003C02F2 /* src */,
				E4EEC9E9138DF44700A80321 /* openFrameworks */,
				BB4B014C10F69532006C3DED /* addons */,
				E45BE5980E8CC70C009D7055 /* frameworks */,
				E4B69B5B0A3A1756003C02F2 /* kibio-connectDebug.app */,
			);
			sourceTree = "<group>";
		};
		E4B69E1C0A3A1BDC003C02F2 /* src */ = {
			isa = PBXGroup;
			children = (
				E4B69E1D0A3A1BDC003C02F2 /* main.cpp */,
				6b4731f132fe1555526d5ef7fa14dd22 /* KibioConnectApp.cpp */,
				4b0588cf6a4d642f88d087bd2033b1c6 /* KibioConnectApp.h */,
			);
			path = src;
			sourceTree = SOURCE_ROOT;
		};
		E4EEC9E9138DF44700A80321 /* openFrameworks */ = {
			isa = PBXGroup;
			children = (
				E4EB691F138AFCF100A09F29 /* CoreOF.xcconfig */,
				E4328143138ABC890047C5CB /* openFrameworksLib.xcodeproj */,
			);
			name = openFrameworks;
			sourceTree = "<group>";
		};
		FD5B8BF71743E7FB00B21EB8 /* ofxMediaType */ = {
			isa = PBXGroup;
			children = (
				FD5B8BF81743E80300B21EB8 /* src */,
			);
			name = ofxMediaType;
			sourceTree = "<group>";
		};
		FD5B8BF81743E80300B21EB8 /* src */ = {
			isa = PBXGroup;
			children = (
				FD5B8BF91743E80300B21EB8 /* ApacheMimeTypes.h */,
				FD5B8BFA1743E80300B21EB8 /* BaseMediaTypeProvider.h */,
				FD5B8BFB1743E80300B21EB8 /* MediaTypeMap.cpp */,
				FD5B8BFC1743E80300B21EB8 /* MediaTypeMap.h */,
			);
			name = src;
			path = ../../../addons/ofxMediaType/src;
			sourceTree = "<group>";
		};
		FDEAAC9817B12B85003CD3E1 /* src */ = {
			isa = PBXGroup;
			children = (
				FDEAAC9917B12B85003CD3E1 /* Authentication */,
				FDEAACA217B12B85003CD3E1 /* Client */,
				FDEAACA717B12B85003CD3E1 /* Cookies */,
				FDEAACAC17B12B85003CD3E1 /* ofxHTTPRequestExecutor.cpp */,
				FDEAACAD17B12B85003CD3E1 /* ofxHTTPRequestExecutor.h */,
				FDEAACAE17B12B85003CD3E1 /* ofxSSLManager.h */,
				FDEAACAF17B12B85003CD3E1 /* ofxThreadErrorHandler.h */,
				FDEAACB017B12B85003CD3E1 /* Proxy */,
				FDEAACB317B12B85003CD3E1 /* Request */,
				FDEAACBC17B12B85003CD3E1 /* Server */,
				FDEAACDA17B12B85003CD3E1 /* Types */,
				FDEAACE017B12B85003CD3E1 /* Utils */,
				FDEAACE717B12B85003CD3E1 /* WebSocket */,
			);
			name = src;
			path = ../../../addons/ofxHTTP/src;
			sourceTree = "<group>";
		};
		FDEAAC9917B12B85003CD3E1 /* Authentication */ = {
			isa = PBXGroup;
			children = (
				FDEAAC9A17B12B85003CD3E1 /* Authentication.h */,
				FDEAAC9B17B12B85003CD3E1 /* AuthScope.cpp */,
				FDEAAC9C17B12B85003CD3E1 /* AuthScope.h */,
				FDEAAC9D17B12B85003CD3E1 /* Credentials.cpp */,
				FDEAAC9E17B12B85003CD3E1 /* Credentials.h */,
				FDEAAC9F17B12B85003CD3E1 /* CredentialStore.cpp */,
				FDEAACA017B12B85003CD3E1 /* CredentialStore.h */,
				FDEAACA117B12B85003CD3E1 /* DefaultServertAuthenticationManager.h */,
			);
			path = Authentication;
			sourceTree = "<group>";
		};
		FDEAACA217B12B85003CD3E1 /* Client */ = {
			isa = PBXGroup;
			children = (
				FDEAACA317B12B85003CD3E1 /* Client.cpp */,
				FDEAACA417B12B85003CD3E1 /* Client.h */,
				FDEAACA517B12B85003CD3E1 /* ClientContext.cpp */,
				FDEAACA617B12B85003CD3E1 /* ClientContext.h */,
			);
			path = Client;
			sourceTree = "<group>";
		};
		FDEAACA717B12B85003CD3E1 /* Cookies */ = {
			isa = PBXGroup;
			children = (
				FDEAACA817B12B85003CD3E1 /* Cookie.cpp */,
				FDEAACA917B12B85003CD3E1 /* Cookie.h */,
				FDEAACAA17B12B85003CD3E1 /* CookieStore.cpp */,
				FDEAACAB17B12B85003CD3E1 /* CookieStore.h */,
			);
			path = Cookies;
			sourceTree = "<group>";
		};
		FDEAACB017B12B85003CD3E1 /* Proxy */ = {
			isa = PBXGroup;
			children = (
				FDEAACB117B12B85003CD3E1 /* ProxySettings.cpp */,
				FDEAACB217B12B85003CD3E1 /* ProxySettings.h */,
			);
			path = Proxy;
			sourceTree = "<group>";
		};
		FDEAACB317B12B85003CD3E1 /* Request */ = {
			isa = PBXGroup;
			children = (
				FDEAACB417B12B85003CD3E1 /* BaseRequest.cpp */,
				FDEAACB517B12B85003CD3E1 /* BaseRequest.h */,
				FDEAACB617B12B85003CD3E1 /* Get.cpp */,
				FDEAACB717B12B85003CD3E1 /* Get.h */,
				FDEAACB817B12B85003CD3E1 /* Post.cpp */,
				FDEAACB917B12B85003CD3E1 /* Post.h */,
				FDEAACBA17B12B85003CD3E1 /* Put.cpp */,
				FDEAACBB17B12B85003CD3E1 /* Put.h */,
			);
			path = Request;
			sourceTree = "<group>";
		};
		FDEAACBC17B12B85003CD3E1 /* Server */ = {
			isa = PBXGroup;
			children = (
				FDEAACBD17B12B85003CD3E1 /* BaseRouteSettings.cpp */,
				FDEAACBE17B12B85003CD3E1 /* BaseRouteSettings.h */,
				FDEAACBF17B12B85003CD3E1 /* BaseServerBasicAuthenticationManager.cpp */,
				FDEAACC017B12B85003CD3E1 /* BaseServerBasicAuthenticationManager.h */,
				FDEAACC117B12B85003CD3E1 /* BaseServerRoute.cpp */,
				FDEAACC217B12B85003CD3E1 /* BaseServerRoute.h */,
				FDEAACC317B12B85003CD3E1 /* BaseServerRouteHandler.cpp */,
				FDEAACC417B12B85003CD3E1 /* BaseServerRouteHandler.h */,
				FDEAACC517B12B85003CD3E1 /* BaseServerRouteSettings.cpp */,
				FDEAACC617B12B85003CD3E1 /* BaseServerRouteSettings.h */,
				FDEAACC717B12B85003CD3E1 /* BasicServer.cpp */,
				FDEAACC817B12B85003CD3E1 /* BasicServer.h */,
				FDEAACC917B12B85003CD3E1 /* BasicServerAuthenticator.h */,
				FDEAACCA17B12B85003CD3E1 /* Server.cpp */,
				FDEAACCB17B12B85003CD3E1 /* Server.h */,
				FDEAACCC17B12B85003CD3E1 /* ServerDefaultSessionManager.h */,
				FDEAACCD17B12B85003CD3E1 /* ServerExchange.h */,
				FDEAACCE17B12B85003CD3E1 /* ServerRouteHandler.cpp */,
				FDEAACCF17B12B85003CD3E1 /* ServerRouteHandler.h */,
				FDEAACD017B12B85003CD3E1 /* ServerRouteManager.cpp */,
				FDEAACD117B12B85003CD3E1 /* ServerRouteManager.h */,
				FDEAACD217B12B85003CD3E1 /* ServerUploadRoute.cpp */,
				FDEAACD317B12B85003CD3E1 /* ServerUploadRoute.h */,
				FDEAACD417B12B85003CD3E1 /* ServerUploadRouteHandler.cpp */,
				FDEAACD517B12B85003CD3E1 /* ServerUploadRouteHandler.h */,
				FDEAACD617B12B85003CD3E1 /* SessionSettings.cpp */,
				FDEAACD717B12B85003CD3E1 /* SessionSettings.h */,
				FDEAACD817B12B85003CD3E1 /* UploadRouteSettings.cpp */,
				FDEAACD917B12B85003CD3E1 /* UploadRouteSettings.h */,
			);
			path = Server;
			sourceTree = "<group>";
		};
		FDEAACDA17B12B85003CD3E1 /* Types */ = {
			isa = PBXGroup;
			children = (
				FDEAACDB17B12B85003CD3E1 /* AbstractTypes.h */,
				FDEAACDC17B12B85003CD3E1 /* ProgressMonitor.cpp */,
				FDEAACDD17B12B85003CD3E1 /* ProgressMonitor.h */,
				FDEAACDE17B12B85003CD3E1 /* ResponseStream.cpp */,
				FDEAACDF17B12B85003CD3E1 /* ResponseStream.h */,
			);
			path = Types;
			sourceTree = "<group>";
		};
		FDEAACE017B12B85003CD3E1 /* Utils */ = {
			isa = PBXGroup;
			children = (
				FDEAACE117B12B85003CD3E1 /* Compression.cpp */,
				FDEAACE217B12B85003CD3E1 /* Compression.h */,
				FDEAACE317B12B85003CD3E1 /* StreamUtils.cpp */,
				FDEAACE417B12B85003CD3E1 /* StreamUtils.h */,
				FDEAACE517B12B85003CD3E1 /* Utils.cpp */,
				FDEAACE617B12B85003CD3E1 /* Utils.h */,
			);
			path = Utils;
			sourceTree = "<group>";
		};
		FDEAACE717B12B85003CD3E1 /* WebSocket */ = {
			isa = PBXGroup;
			children = (
				FDEAACE817B12B85003CD3E1 /* BaseWebSocketRouteHandler.h */,
				FDEAACE917B12B85003CD3E1 /* BaseWebSocketSessionManager.cpp */,
				FDEAACEA17B12B85003CD3E1 /* BaseWebSocketSessionManager.h */,
				FDEAACEB17B12B85003CD3E1 /* BasicWebSocketServer.h */,
				FDEAACEC17B12B85003CD3E1 /* WebSocketEvents.h */,
				FDEAACED17B12B85003CD3E1 /* WebSocketFrame.cpp */,
				FDEAACEE17B12B85003CD3E1 /* WebSocketFrame.h */,
				FDEAACEF17B12B85003CD3E1 /* WebSocketRoute.cpp */,
				FDEAACF017B12B85003CD3E1 /* WebSocketRoute.h */,
				FDEAACF117B12B85003CD3E1 /* WebSocketRouteHandler.cpp */,
				FDEAACF217B12B85003CD3E1 /* WebSocketRouteHandler.h */,
			);
			path = WebSocket;
			sourceTree = "<group>";
		};
		a5f8a0182a7cf15957061f2b15d9afae /* DNSSD */ = {
			isa = PBXGroup;
			children = (
				17e477e1078316a7dcb9038126fc4f20 /* DNSSDBrowser.cpp */,
				bc836d0128a247034496ccf49acbaf69 /* DNSSDClient.cpp */,
				6d6f817b9b9d9aeb9d15628ecdefb546 /* DNSSDEventHandler.cpp */,
			);
			name = DNSSD;
			sourceTree = "<group>";
		};
		b72c32377beea72a6acc3acf6fee9aca /* Avahi */ = {
			isa = PBXGroup;
			children = (
				64f379af19a83d8fc4ab324ac7ff4a4d /* AvahiBrowser.h */,
				3ff4b228b33db00131db956e5d17f8e6 /* AvahiClient.h */,
				c5baefc7543f3132f9f97a87771a860b /* AvahiEventHandler.h */,
			);
			name = Avahi;
			sourceTree = "<group>";
		};
		ccdc6f9ccf925cc402160b85bf984424 /* src */ = {
			isa = PBXGroup;
			children = (
				3b869edfc4ea2316217496212b5ae53c /* json_batchallocator.h */,
				554e82f6bf0f134ec9bf40aa12f238c7 /* json_reader.cpp */,
				efddf1a86ce5c1107eff387323ffdc0e /* json_tool.h */,
				0f867b04bf36a560c2493c097d84756e /* json_value.cpp */,
				58f8cbf3c566f6908846e5fbf7d0de36 /* json_writer.cpp */,
			);
			name = src;
			sourceTree = "<group>";
		};
		d486fc87f063317bb47e9fac176ade3a /* include */ = {
			isa = PBXGroup;
			children = (
				58ad3bd71b781d9bc25763c8ec8bc3f0 /* json */,
			);
			name = include;
			sourceTree = "<group>";
		};
		d905a7f01d0513bd869dfa1a5f826cd6 /* DNSSD */ = {
			isa = PBXGroup;
			children = (
				bf6eee4c9b295c9bbce219771c3d6af2 /* DNSSDBrowser.h */,
				994d882e1007488b57e6bb142a8515b8 /* DNSSDClient.h */,
				23c0c48e889ea5976735a1b26b04152a /* DNSSDError.h */,
				519a8f4f2543e6b9a3742d193e57ddfb /* DNSSDEventHandler.h */,
			);
			name = DNSSD;
			sourceTree = "<group>";
		};
		f40e80cb2d443cba9581dd03c57dde89 /* libs */ = {
			isa = PBXGroup;
			children = (
				977a836dd2c489ccc5e330fff7b818bd /* jsoncpp */,
			);
			name = libs;
			sourceTree = "<group>";
		};
/* End PBXGroup section */

/* Begin PBXNativeTarget section */
		E4B69B5A0A3A1756003C02F2 /* kibio-connect */ = {
			isa = PBXNativeTarget;
			buildConfigurationList = E4B69B5F0A3A1757003C02F2 /* Build configuration list for PBXNativeTarget "kibio-connect" */;
			buildPhases = (
				E4B69B580A3A1756003C02F2 /* Sources */,
				E4B69B590A3A1756003C02F2 /* Frameworks */,
				E4B6FFFD0C3F9AB9008CF71C /* ShellScript */,
				E4C2427710CC5ABF004149E2 /* CopyFiles */,
			);
			buildRules = (
			);
			dependencies = (
				E4EEB9AC138B136A00A80321 /* PBXTargetDependency */,
			);
			name = "kibio-connect";
			productName = myOFApp;
			productReference = E4B69B5B0A3A1756003C02F2 /* kibio-connectDebug.app */;
			productType = "com.apple.product-type.application";
		};
/* End PBXNativeTarget section */

/* Begin PBXProject section */
		E4B69B4C0A3A1720003C02F2 /* Project object */ = {
			isa = PBXProject;
			buildConfigurationList = E4B69B4D0A3A1720003C02F2 /* Build configuration list for PBXProject "kibio-connect" */;
			compatibilityVersion = "Xcode 2.4";
			developmentRegion = English;
			hasScannedForEncodings = 0;
			knownRegions = (
				English,
				Japanese,
				French,
				German,
			);
			mainGroup = E4B69B4A0A3A1720003C02F2;
			productRefGroup = E4B69B4A0A3A1720003C02F2;
			projectDirPath = "";
			projectReferences = (
				{
					ProductGroup = E4328144138ABC890047C5CB /* Products */;
					ProjectRef = E4328143138ABC890047C5CB /* openFrameworksLib.xcodeproj */;
				},
			);
			projectRoot = "";
			targets = (
				E4B69B5A0A3A1756003C02F2 /* kibio-connect */,
			);
		};
/* End PBXProject section */

/* Begin PBXReferenceProxy section */
		E4328148138ABC890047C5CB /* openFrameworksDebug.a */ = {
			isa = PBXReferenceProxy;
			fileType = archive.ar;
			path = openFrameworksDebug.a;
			remoteRef = E4328147138ABC890047C5CB /* PBXContainerItemProxy */;
			sourceTree = BUILT_PRODUCTS_DIR;
		};
/* End PBXReferenceProxy section */

/* Begin PBXShellScriptBuildPhase section */
		E4B6FFFD0C3F9AB9008CF71C /* ShellScript */ = {
			isa = PBXShellScriptBuildPhase;
			buildActionMask = 2147483647;
			files = (
			);
			inputPaths = (
			);
			outputPaths = (
			);
			runOnlyForDeploymentPostprocessing = 0;
			shellPath = /bin/sh;
			shellScript = "cp -f ../../../libs/fmodex/lib/osx/libfmodex.dylib \"$TARGET_BUILD_DIR/$PRODUCT_NAME.app/Contents/MacOS/libfmodex.dylib\"; install_name_tool -change ./libfmodex.dylib @executable_path/libfmodex.dylib \"$TARGET_BUILD_DIR/$PRODUCT_NAME.app/Contents/MacOS/$PRODUCT_NAME\";";
		};
/* End PBXShellScriptBuildPhase section */

/* Begin PBXSourcesBuildPhase section */
		E4B69B580A3A1756003C02F2 /* Sources */ = {
			isa = PBXSourcesBuildPhase;
			buildActionMask = 2147483647;
			files = (
				E4B69E200A3A1BDC003C02F2 /* main.cpp in Sources */,
				92aa42c8b8c4acaf67c676fb5aadf55d /* KibioConnectApp.cpp in Sources */,
				bedfee7400c58ea4e412b757bd605a7b /* ofxJSONElement.cpp in Sources */,
				7ced9fcc5bf62c4915c8d09f62ad86a7 /* json_reader.cpp in Sources */,
				ae32f1807796b1050e082651a5fbf40d /* json_value.cpp in Sources */,
				9b06c5cae570b630a97e51c38887e84b /* json_writer.cpp in Sources */,
				ba1a497e1b5dd2f630fdf23f2781b0f3 /* AvahiBrowser.cpp in Sources */,
				a7ebf57756f62c20c72a9713924e778e /* AvahiClient.cpp in Sources */,
				789ad99f11771b23016c070e6f29b469 /* AvahiEventHandler.cpp in Sources */,
				09cf9fc82ec16fda03f3dea62c94eced /* Browser.cpp in Sources */,
				5eb6338239e521b46309bdce3f5c4ca0 /* Client.cpp in Sources */,
				19fb0d99b62a43bf611244550f5c0f51 /* DNSSDBrowser.cpp in Sources */,
				f9147aff5de022ee3a6aa74d9fceb2dc /* DNSSDClient.cpp in Sources */,
				2b57ef7e92fc648e6978c4120120aca1 /* DNSSDEventHandler.cpp in Sources */,
				c1c01234d7766174072e19a734f06b63 /* Domain.cpp in Sources */,
				ec739b141e2b09ea1a9a1cae8e3b9b45 /* Error.cpp in Sources */,
				ebac85ba5c7a25d824b33c0461183060 /* EventHandler.cpp in Sources */,
				36268367458abb12b68679a9b392a497 /* Record.cpp in Sources */,
				7ab3fd41a4e3523e79c39cc8f29bbc6a /* Service.cpp in Sources */,
				e19f2f06278f9b5a97212a632c8aa7ae /* Utils.cpp in Sources */,
				FD5B8BFD1743E80300B21EB8 /* MediaTypeMap.cpp in Sources */,
				FDEAACF317B12B85003CD3E1 /* AuthScope.cpp in Sources */,
				FDEAACF417B12B85003CD3E1 /* Credentials.cpp in Sources */,
				FDEAACF517B12B85003CD3E1 /* CredentialStore.cpp in Sources */,
				FDEAACF617B12B85003CD3E1 /* Client.cpp in Sources */,
				FDEAACF717B12B85003CD3E1 /* ClientContext.cpp in Sources */,
				FDEAACF817B12B85003CD3E1 /* Cookie.cpp in Sources */,
				FDEAACF917B12B85003CD3E1 /* CookieStore.cpp in Sources */,
				FDEAACFA17B12B85003CD3E1 /* ofxHTTPRequestExecutor.cpp in Sources */,
				FDEAACFB17B12B85003CD3E1 /* ProxySettings.cpp in Sources */,
				FDEAACFC17B12B85003CD3E1 /* BaseRequest.cpp in Sources */,
				FDEAACFD17B12B85003CD3E1 /* Get.cpp in Sources */,
				FDEAACFE17B12B85003CD3E1 /* Post.cpp in Sources */,
				FDEAACFF17B12B85003CD3E1 /* Put.cpp in Sources */,
				FDEAAD0017B12B85003CD3E1 /* BaseRouteSettings.cpp in Sources */,
				FDEAAD0117B12B85003CD3E1 /* BaseServerBasicAuthenticationManager.cpp in Sources */,
				FDEAAD0217B12B85003CD3E1 /* BaseServerRoute.cpp in Sources */,
				FDEAAD0317B12B85003CD3E1 /* BaseServerRouteHandler.cpp in Sources */,
				FDEAAD0417B12B85003CD3E1 /* BaseServerRouteSettings.cpp in Sources */,
				FDEAAD0517B12B85003CD3E1 /* BasicServer.cpp in Sources */,
				FDEAAD0617B12B85003CD3E1 /* Server.cpp in Sources */,
				FDEAAD0717B12B85003CD3E1 /* ServerRouteHandler.cpp in Sources */,
				FDEAAD0817B12B85003CD3E1 /* ServerRouteManager.cpp in Sources */,
				FDEAAD0917B12B85003CD3E1 /* ServerUploadRoute.cpp in Sources */,
				FDEAAD0A17B12B85003CD3E1 /* ServerUploadRouteHandler.cpp in Sources */,
				FDEAAD0B17B12B85003CD3E1 /* SessionSettings.cpp in Sources */,
				FDEAAD0C17B12B85003CD3E1 /* UploadRouteSettings.cpp in Sources */,
				FDEAAD0D17B12B85003CD3E1 /* ProgressMonitor.cpp in Sources */,
				FDEAAD0E17B12B85003CD3E1 /* ResponseStream.cpp in Sources */,
				FDEAAD0F17B12B85003CD3E1 /* Compression.cpp in Sources */,
				FDEAAD1017B12B85003CD3E1 /* StreamUtils.cpp in Sources */,
				FDEAAD1117B12B85003CD3E1 /* Utils.cpp in Sources */,
				FDEAAD1217B12B85003CD3E1 /* BaseWebSocketSessionManager.cpp in Sources */,
				FDEAAD1317B12B85003CD3E1 /* WebSocketFrame.cpp in Sources */,
				FDEAAD1417B12B85003CD3E1 /* WebSocketRoute.cpp in Sources */,
				FDEAAD1517B12B85003CD3E1 /* WebSocketRouteHandler.cpp in Sources */,
				FDEAAD1817B12BBA003CD3E1 /* ZeroconfManager.cpp in Sources */,
			);
			runOnlyForDeploymentPostprocessing = 0;
		};
/* End PBXSourcesBuildPhase section */

/* Begin PBXTargetDependency section */
		E4EEB9AC138B136A00A80321 /* PBXTargetDependency */ = {
			isa = PBXTargetDependency;
			name = openFrameworks;
			targetProxy = E4EEB9AB138B136A00A80321 /* PBXContainerItemProxy */;
		};
/* End PBXTargetDependency section */

/* Begin XCBuildConfiguration section */
		E4B69B4E0A3A1720003C02F2 /* Debug */ = {
			isa = XCBuildConfiguration;
			baseConfigurationReference = E4EB6923138AFD0F00A09F29 /* Project.xcconfig */;
			buildSettings = {
				ARCHS = "$(NATIVE_ARCH)";
				CONFIGURATION_BUILD_DIR = "$(SRCROOT)/bin/";
				COPY_PHASE_STRIP = NO;
				DEAD_CODE_STRIPPING = YES;
				GCC_AUTO_VECTORIZATION = YES;
				GCC_ENABLE_SSE3_EXTENSIONS = YES;
				GCC_ENABLE_SUPPLEMENTAL_SSE3_INSTRUCTIONS = YES;
				GCC_INLINES_ARE_PRIVATE_EXTERN = NO;
				GCC_OPTIMIZATION_LEVEL = 0;
				GCC_SYMBOLS_PRIVATE_EXTERN = NO;
				GCC_WARN_ABOUT_DEPRECATED_FUNCTIONS = YES;
				GCC_WARN_ABOUT_INVALID_OFFSETOF_MACRO = NO;
				GCC_WARN_ALLOW_INCOMPLETE_PROTOCOL = NO;
				GCC_WARN_UNINITIALIZED_AUTOS = NO;
				GCC_WARN_UNUSED_VALUE = NO;
				GCC_WARN_UNUSED_VARIABLE = NO;
				HEADER_SEARCH_PATHS = (
					"$(OF_CORE_HEADERS)",
					src,
					../../../addons/ofxHTTP/libs,
					../../../addons/ofxHTTP/src,
					../../../addons/ofxJSON/libs,
					../../../addons/ofxJSON/libs/jsoncpp,
					../../../addons/ofxJSON/libs/jsoncpp/include,
					../../../addons/ofxJSON/libs/jsoncpp/include/json,
					../../../addons/ofxJSON/libs/jsoncpp/src,
					../../../addons/ofxJSON/src,
					../../../addons/ofxZeroconf/libs,
					../../../addons/ofxZeroconf/libs/Zeroconf,
					../../../addons/ofxZeroconf/libs/Zeroconf/include,
					../../../addons/ofxZeroconf/libs/Zeroconf/include/Zeroconf,
					../../../addons/ofxZeroconf/libs/Zeroconf/include/Zeroconf/Avahi,
					../../../addons/ofxZeroconf/libs/Zeroconf/include/Zeroconf/DNSSD,
					../../../addons/ofxZeroconf/libs/Zeroconf/src,
					../../../addons/ofxZeroconf/libs/Zeroconf/src/Avahi,
					../../../addons/ofxZeroconf/libs/Zeroconf/src/DNSSD,
					../../../addons/ofxZeroconf/src,
				);
				OTHER_CPLUSPLUSFLAGS = (
					"-D__MACOSX_CORE__",
					"-lpthread",
					"-mtune=native",
				);
				SDKROOT = macosx;
			};
			name = Debug;
		};
		E4B69B4F0A3A1720003C02F2 /* Release */ = {
			isa = XCBuildConfiguration;
			baseConfigurationReference = E4EB6923138AFD0F00A09F29 /* Project.xcconfig */;
			buildSettings = {
				ARCHS = "$(NATIVE_ARCH)";
				CONFIGURATION_BUILD_DIR = "$(SRCROOT)/bin/";
				COPY_PHASE_STRIP = YES;
				DEAD_CODE_STRIPPING = YES;
				GCC_AUTO_VECTORIZATION = YES;
				GCC_ENABLE_SSE3_EXTENSIONS = YES;
				GCC_ENABLE_SUPPLEMENTAL_SSE3_INSTRUCTIONS = YES;
				GCC_INLINES_ARE_PRIVATE_EXTERN = NO;
				GCC_OPTIMIZATION_LEVEL = 3;
				GCC_SYMBOLS_PRIVATE_EXTERN = NO;
				GCC_UNROLL_LOOPS = YES;
				GCC_WARN_ABOUT_DEPRECATED_FUNCTIONS = YES;
				GCC_WARN_ABOUT_INVALID_OFFSETOF_MACRO = NO;
				GCC_WARN_ALLOW_INCOMPLETE_PROTOCOL = NO;
				GCC_WARN_UNINITIALIZED_AUTOS = NO;
				GCC_WARN_UNUSED_VALUE = NO;
				GCC_WARN_UNUSED_VARIABLE = NO;
				HEADER_SEARCH_PATHS = (
					"$(OF_CORE_HEADERS)",
					src,
					../../../addons/ofxHTTP/libs,
					../../../addons/ofxHTTP/src,
					../../../addons/ofxJSON/libs,
					../../../addons/ofxJSON/libs/jsoncpp,
					../../../addons/ofxJSON/libs/jsoncpp/include,
					../../../addons/ofxJSON/libs/jsoncpp/include/json,
					../../../addons/ofxJSON/libs/jsoncpp/src,
					../../../addons/ofxJSON/src,
					../../../addons/ofxZeroconf/libs,
					../../../addons/ofxZeroconf/libs/Zeroconf,
					../../../addons/ofxZeroconf/libs/Zeroconf/include,
					../../../addons/ofxZeroconf/libs/Zeroconf/include/Zeroconf,
					../../../addons/ofxZeroconf/libs/Zeroconf/include/Zeroconf/Avahi,
					../../../addons/ofxZeroconf/libs/Zeroconf/include/Zeroconf/DNSSD,
					../../../addons/ofxZeroconf/libs/Zeroconf/src,
					../../../addons/ofxZeroconf/libs/Zeroconf/src/Avahi,
					../../../addons/ofxZeroconf/libs/Zeroconf/src/DNSSD,
					../../../addons/ofxZeroconf/src,
				);
				OTHER_CPLUSPLUSFLAGS = (
					"-D__MACOSX_CORE__",
					"-lpthread",
					"-mtune=native",
				);
				SDKROOT = macosx;
			};
			name = Release;
		};
		E4B69B600A3A1757003C02F2 /* Debug */ = {
			isa = XCBuildConfiguration;
			buildSettings = {
				COPY_PHASE_STRIP = NO;
				FRAMEWORK_SEARCH_PATHS = (
					"$(inherited)",
					"$(FRAMEWORK_SEARCH_PATHS_QUOTED_FOR_TARGET_1)",
				);
				FRAMEWORK_SEARCH_PATHS_QUOTED_FOR_TARGET_1 = "\"$(SRCROOT)/../../../libs/glut/lib/osx\"";
				GCC_DYNAMIC_NO_PIC = NO;
				GCC_ENABLE_FIX_AND_CONTINUE = YES;
				GCC_GENERATE_DEBUGGING_SYMBOLS = YES;
				GCC_MODEL_TUNING = NONE;
				GCC_PRECOMPILE_PREFIX_HEADER = YES;
				GCC_PREFIX_HEADER = "$(SYSTEM_LIBRARY_DIR)/Frameworks/Carbon.framework/Headers/Carbon.h";
				INFOPLIST_FILE = "openFrameworks-Info.plist";
				INSTALL_PATH = "$(HOME)/Applications";
				LIBRARY_SEARCH_PATHS = (
					"$(inherited)",
					"$(LIBRARY_SEARCH_PATHS_QUOTED_FOR_TARGET_1)",
					"$(LIBRARY_SEARCH_PATHS_QUOTED_FOR_TARGET_2)",
					"$(LIBRARY_SEARCH_PATHS_QUOTED_FOR_TARGET_3)",
					"$(LIBRARY_SEARCH_PATHS_QUOTED_FOR_TARGET_4)",
					"$(LIBRARY_SEARCH_PATHS_QUOTED_FOR_TARGET_5)",
					"$(LIBRARY_SEARCH_PATHS_QUOTED_FOR_TARGET_6)",
					"$(LIBRARY_SEARCH_PATHS_QUOTED_FOR_TARGET_7)",
					"$(LIBRARY_SEARCH_PATHS_QUOTED_FOR_TARGET_8)",
					"$(LIBRARY_SEARCH_PATHS_QUOTED_FOR_TARGET_9)",
					"$(LIBRARY_SEARCH_PATHS_QUOTED_FOR_TARGET_10)",
					"$(LIBRARY_SEARCH_PATHS_QUOTED_FOR_TARGET_11)",
					"$(LIBRARY_SEARCH_PATHS_QUOTED_FOR_TARGET_12)",
					"$(LIBRARY_SEARCH_PATHS_QUOTED_FOR_TARGET_13)",
					"$(LIBRARY_SEARCH_PATHS_QUOTED_FOR_TARGET_14)",
					"$(LIBRARY_SEARCH_PATHS_QUOTED_FOR_TARGET_15)",
					"$(LIBRARY_SEARCH_PATHS_QUOTED_FOR_TARGET_2)",
					"$(LIBRARY_SEARCH_PATHS_QUOTED_FOR_TARGET_3)",
					"$(LIBRARY_SEARCH_PATHS_QUOTED_FOR_TARGET_7)",
					"$(LIBRARY_SEARCH_PATHS_QUOTED_FOR_TARGET_8)",
					"$(LIBRARY_SEARCH_PATHS_QUOTED_FOR_TARGET_9)",
					"$(LIBRARY_SEARCH_PATHS_QUOTED_FOR_TARGET_10)",
					"$(LIBRARY_SEARCH_PATHS_QUOTED_FOR_TARGET_11)",
					"$(LIBRARY_SEARCH_PATHS_QUOTED_FOR_TARGET_12)",
					"$(LIBRARY_SEARCH_PATHS_QUOTED_FOR_TARGET_13)",
					"$(LIBRARY_SEARCH_PATHS_QUOTED_FOR_TARGET_16)",
					"$(LIBRARY_SEARCH_PATHS_QUOTED_FOR_TARGET_17)",
					"$(LIBRARY_SEARCH_PATHS_QUOTED_FOR_TARGET_18)",
					"$(LIBRARY_SEARCH_PATHS_QUOTED_FOR_TARGET_19)",
					"$(LIBRARY_SEARCH_PATHS_QUOTED_FOR_TARGET_20)",
					"$(LIBRARY_SEARCH_PATHS_QUOTED_FOR_TARGET_21)",
					"$(LIBRARY_SEARCH_PATHS_QUOTED_FOR_TARGET_22)",
					"$(LIBRARY_SEARCH_PATHS_QUOTED_FOR_TARGET_23)",
					"$(LIBRARY_SEARCH_PATHS_QUOTED_FOR_TARGET_24)",
					"$(LIBRARY_SEARCH_PATHS_QUOTED_FOR_TARGET_25)",
					"$(LIBRARY_SEARCH_PATHS_QUOTED_FOR_TARGET_26)",
					"$(LIBRARY_SEARCH_PATHS_QUOTED_FOR_TARGET_27)",
					"$(LIBRARY_SEARCH_PATHS_QUOTED_FOR_TARGET_28)",
					"$(LIBRARY_SEARCH_PATHS_QUOTED_FOR_TARGET_29)",
					"$(LIBRARY_SEARCH_PATHS_QUOTED_FOR_TARGET_30)",
					"$(LIBRARY_SEARCH_PATHS_QUOTED_FOR_TARGET_31)",
					"$(LIBRARY_SEARCH_PATHS_QUOTED_FOR_TARGET_32)",
					"$(LIBRARY_SEARCH_PATHS_QUOTED_FOR_TARGET_33)",
					"$(LIBRARY_SEARCH_PATHS_QUOTED_FOR_TARGET_34)",
					"$(LIBRARY_SEARCH_PATHS_QUOTED_FOR_TARGET_35)",
					"$(LIBRARY_SEARCH_PATHS_QUOTED_FOR_TARGET_36)",
					"$(LIBRARY_SEARCH_PATHS_QUOTED_FOR_TARGET_37)",
					"$(LIBRARY_SEARCH_PATHS_QUOTED_FOR_TARGET_38)",
					"$(LIBRARY_SEARCH_PATHS_QUOTED_FOR_TARGET_39)",
					"$(LIBRARY_SEARCH_PATHS_QUOTED_FOR_TARGET_40)",
					"$(LIBRARY_SEARCH_PATHS_QUOTED_FOR_TARGET_41)",
					"$(LIBRARY_SEARCH_PATHS_QUOTED_FOR_TARGET_42)",
					"$(LIBRARY_SEARCH_PATHS_QUOTED_FOR_TARGET_43)",
					"$(LIBRARY_SEARCH_PATHS_QUOTED_FOR_TARGET_44)",
					"$(LIBRARY_SEARCH_PATHS_QUOTED_FOR_TARGET_45)",
					"$(LIBRARY_SEARCH_PATHS_QUOTED_FOR_TARGET_46)",
					"$(LIBRARY_SEARCH_PATHS_QUOTED_FOR_TARGET_47)",
					"$(LIBRARY_SEARCH_PATHS_QUOTED_FOR_TARGET_48)",
					"$(LIBRARY_SEARCH_PATHS_QUOTED_FOR_TARGET_49)",
					"$(LIBRARY_SEARCH_PATHS_QUOTED_FOR_TARGET_50)",
					"$(LIBRARY_SEARCH_PATHS_QUOTED_FOR_TARGET_51)",
					"$(LIBRARY_SEARCH_PATHS_QUOTED_FOR_TARGET_52)",
				);
				PREBINDING = NO;
				PRODUCT_NAME = "$(TARGET_NAME)Debug";
				WRAPPER_EXTENSION = app;
			};
			name = Debug;
		};
		E4B69B610A3A1757003C02F2 /* Release */ = {
			isa = XCBuildConfiguration;
			buildSettings = {
				COPY_PHASE_STRIP = YES;
				FRAMEWORK_SEARCH_PATHS = (
					"$(inherited)",
					"$(FRAMEWORK_SEARCH_PATHS_QUOTED_FOR_TARGET_1)",
				);
				FRAMEWORK_SEARCH_PATHS_QUOTED_FOR_TARGET_1 = "\"$(SRCROOT)/../../../libs/glut/lib/osx\"";
				GCC_ENABLE_FIX_AND_CONTINUE = NO;
				GCC_GENERATE_DEBUGGING_SYMBOLS = YES;
				GCC_MODEL_TUNING = NONE;
				GCC_PRECOMPILE_PREFIX_HEADER = YES;
				GCC_PREFIX_HEADER = "$(SYSTEM_LIBRARY_DIR)/Frameworks/Carbon.framework/Headers/Carbon.h";
				INFOPLIST_FILE = "openFrameworks-Info.plist";
				INSTALL_PATH = "$(HOME)/Applications";
				LIBRARY_SEARCH_PATHS = (
					"$(inherited)",
					"$(LIBRARY_SEARCH_PATHS_QUOTED_FOR_TARGET_1)",
					"$(LIBRARY_SEARCH_PATHS_QUOTED_FOR_TARGET_2)",
					"$(LIBRARY_SEARCH_PATHS_QUOTED_FOR_TARGET_3)",
					"$(LIBRARY_SEARCH_PATHS_QUOTED_FOR_TARGET_4)",
					"$(LIBRARY_SEARCH_PATHS_QUOTED_FOR_TARGET_5)",
					"$(LIBRARY_SEARCH_PATHS_QUOTED_FOR_TARGET_6)",
					"$(LIBRARY_SEARCH_PATHS_QUOTED_FOR_TARGET_7)",
					"$(LIBRARY_SEARCH_PATHS_QUOTED_FOR_TARGET_8)",
					"$(LIBRARY_SEARCH_PATHS_QUOTED_FOR_TARGET_9)",
					"$(LIBRARY_SEARCH_PATHS_QUOTED_FOR_TARGET_10)",
					"$(LIBRARY_SEARCH_PATHS_QUOTED_FOR_TARGET_11)",
					"$(LIBRARY_SEARCH_PATHS_QUOTED_FOR_TARGET_12)",
					"$(LIBRARY_SEARCH_PATHS_QUOTED_FOR_TARGET_13)",
					"$(LIBRARY_SEARCH_PATHS_QUOTED_FOR_TARGET_14)",
					"$(LIBRARY_SEARCH_PATHS_QUOTED_FOR_TARGET_15)",
					"$(LIBRARY_SEARCH_PATHS_QUOTED_FOR_TARGET_2)",
					"$(LIBRARY_SEARCH_PATHS_QUOTED_1)",
					"$(LIBRARY_SEARCH_PATHS_QUOTED_FOR_TARGET_3)",
					"$(LIBRARY_SEARCH_PATHS_QUOTED_FOR_TARGET_7)",
					"$(LIBRARY_SEARCH_PATHS_QUOTED_FOR_TARGET_8)",
					"$(LIBRARY_SEARCH_PATHS_QUOTED_FOR_TARGET_9)",
					"$(LIBRARY_SEARCH_PATHS_QUOTED_FOR_TARGET_10)",
					"$(LIBRARY_SEARCH_PATHS_QUOTED_FOR_TARGET_11)",
					"$(LIBRARY_SEARCH_PATHS_QUOTED_FOR_TARGET_12)",
					"$(LIBRARY_SEARCH_PATHS_QUOTED_FOR_TARGET_13)",
					"$(LIBRARY_SEARCH_PATHS_QUOTED_FOR_TARGET_16)",
					"$(LIBRARY_SEARCH_PATHS_QUOTED_FOR_TARGET_17)",
					"$(LIBRARY_SEARCH_PATHS_QUOTED_FOR_TARGET_18)",
					"$(LIBRARY_SEARCH_PATHS_QUOTED_FOR_TARGET_19)",
					"$(LIBRARY_SEARCH_PATHS_QUOTED_FOR_TARGET_20)",
					"$(LIBRARY_SEARCH_PATHS_QUOTED_FOR_TARGET_21)",
					"$(LIBRARY_SEARCH_PATHS_QUOTED_FOR_TARGET_22)",
					"$(LIBRARY_SEARCH_PATHS_QUOTED_FOR_TARGET_23)",
					"$(LIBRARY_SEARCH_PATHS_QUOTED_FOR_TARGET_24)",
					"$(LIBRARY_SEARCH_PATHS_QUOTED_FOR_TARGET_25)",
					"$(LIBRARY_SEARCH_PATHS_QUOTED_FOR_TARGET_26)",
					"$(LIBRARY_SEARCH_PATHS_QUOTED_FOR_TARGET_27)",
					"$(LIBRARY_SEARCH_PATHS_QUOTED_FOR_TARGET_28)",
					"$(LIBRARY_SEARCH_PATHS_QUOTED_FOR_TARGET_29)",
					"$(LIBRARY_SEARCH_PATHS_QUOTED_FOR_TARGET_30)",
					"$(LIBRARY_SEARCH_PATHS_QUOTED_FOR_TARGET_31)",
					"$(LIBRARY_SEARCH_PATHS_QUOTED_FOR_TARGET_32)",
					"$(LIBRARY_SEARCH_PATHS_QUOTED_FOR_TARGET_33)",
					"$(LIBRARY_SEARCH_PATHS_QUOTED_FOR_TARGET_34)",
					"$(LIBRARY_SEARCH_PATHS_QUOTED_FOR_TARGET_35)",
					"$(LIBRARY_SEARCH_PATHS_QUOTED_FOR_TARGET_36)",
					"$(LIBRARY_SEARCH_PATHS_QUOTED_FOR_TARGET_37)",
					"$(LIBRARY_SEARCH_PATHS_QUOTED_FOR_TARGET_38)",
					"$(LIBRARY_SEARCH_PATHS_QUOTED_FOR_TARGET_39)",
					"$(LIBRARY_SEARCH_PATHS_QUOTED_FOR_TARGET_40)",
					"$(LIBRARY_SEARCH_PATHS_QUOTED_FOR_TARGET_41)",
					"$(LIBRARY_SEARCH_PATHS_QUOTED_FOR_TARGET_42)",
					"$(LIBRARY_SEARCH_PATHS_QUOTED_FOR_TARGET_43)",
					"$(LIBRARY_SEARCH_PATHS_QUOTED_FOR_TARGET_44)",
					"$(LIBRARY_SEARCH_PATHS_QUOTED_FOR_TARGET_45)",
					"$(LIBRARY_SEARCH_PATHS_QUOTED_FOR_TARGET_46)",
					"$(LIBRARY_SEARCH_PATHS_QUOTED_FOR_TARGET_47)",
					"$(LIBRARY_SEARCH_PATHS_QUOTED_FOR_TARGET_48)",
					"$(LIBRARY_SEARCH_PATHS_QUOTED_FOR_TARGET_49)",
					"$(LIBRARY_SEARCH_PATHS_QUOTED_FOR_TARGET_50)",
					"$(LIBRARY_SEARCH_PATHS_QUOTED_FOR_TARGET_51)",
				);
				PREBINDING = NO;
				PRODUCT_NAME = "$(TARGET_NAME)";
				WRAPPER_EXTENSION = app;
			};
			name = Release;
		};
/* End XCBuildConfiguration section */

/* Begin XCConfigurationList section */
		E4B69B4D0A3A1720003C02F2 /* Build configuration list for PBXProject "kibio-connect" */ = {
			isa = XCConfigurationList;
			buildConfigurations = (
				E4B69B4E0A3A1720003C02F2 /* Debug */,
				E4B69B4F0A3A1720003C02F2 /* Release */,
			);
			defaultConfigurationIsVisible = 0;
			defaultConfigurationName = Release;
		};
		E4B69B5F0A3A1757003C02F2 /* Build configuration list for PBXNativeTarget "kibio-connect" */ = {
			isa = XCConfigurationList;
			buildConfigurations = (
				E4B69B600A3A1757003C02F2 /* Debug */,
				E4B69B610A3A1757003C02F2 /* Release */,
			);
			defaultConfigurationIsVisible = 0;
			defaultConfigurationName = Release;
		};
/* End XCConfigurationList section */
	};
	rootObject = E4B69B4C0A3A1720003C02F2 /* Project object */;
}
